PODS:
  - GoogleMaps (4.0.0):
    - GoogleMaps/Maps (= 4.0.0)
  - GoogleMaps/Base (4.0.0)
  - GoogleMaps/Maps (4.0.0):
    - GoogleMaps/Base
  - GooglePlaces (4.0.0):
    - GoogleMaps/Base (= 4.0.0)
  - LicensePlist (3.0.5)

DEPENDENCIES:
  - GoogleMaps (~> 4.0.0)
  - GooglePlaces
  - LicensePlist

SPEC REPOS:
  trunk:
    - GoogleMaps
    - GooglePlaces
    - LicensePlist

SPEC CHECKSUMS:
  GoogleMaps: b7f7fc569a9b354a3af0d9729dbec40957b7d41e
  GooglePlaces: ca8d4aba09ba79e0a829cf1dca03a41de6a09016
  LicensePlist: 11c638fa9dc22ddb5771cdf910242ae1ba2684da

PODFILE CHECKSUM: ff0eb2b4f9e98a648df82c40e2a28fc8d79f9c7d

COCOAPODS: 1.10.0
