// !$*UTF8*$!
{
	archiveVersion = 1;
	classes = {
	};
	objectVersion = 50;
	objects = {

/* Begin PBXBuildFile section */
		5B4DD10C2533EB3500B2F5A0 /* AppDelegate.swift in Sources */ = {isa = PBXBuildFile; fileRef = 5B4DD10B2533EB3500B2F5A0 /* AppDelegate.swift */; };
		5B4DD10E2533EB3500B2F5A0 /* SceneDelegate.swift in Sources */ = {isa = PBXBuildFile; fileRef = 5B4DD10D2533EB3500B2F5A0 /* SceneDelegate.swift */; };
		5B4DD1102533EB3500B2F5A0 /* ViewController.swift in Sources */ = {isa = PBXBuildFile; fileRef = 5B4DD10F2533EB3500B2F5A0 /* ViewController.swift */; };
		5B4DD1132533EB3500B2F5A0 /* Main.storyboard in Resources */ = {isa = PBXBuildFile; fileRef = 5B4DD1112533EB3500B2F5A0 /* Main.storyboard */; };
		5B4DD1152533EB3600B2F5A0 /* Assets.xcassets in Resources */ = {isa = PBXBuildFile; fileRef = 5B4DD1142533EB3600B2F5A0 /* Assets.xcassets */; };
		5B4DD1182533EB3600B2F5A0 /* LaunchScreen.storyboard in Resources */ = {isa = PBXBuildFile; fileRef = 5B4DD1162533EB3600B2F5A0 /* LaunchScreen.storyboard */; };
		5B4DD1232533EB3600B2F5A0 /* driveRecordTests.swift in Sources */ = {isa = PBXBuildFile; fileRef = 5B4DD1222533EB3600B2F5A0 /* driveRecordTests.swift */; };
		5B4DD12E2533EB3600B2F5A0 /* driveRecordUITests.swift in Sources */ = {isa = PBXBuildFile; fileRef = 5B4DD12D2533EB3600B2F5A0 /* driveRecordUITests.swift */; };
		5B4DD13F2533F26600B2F5A0 /* Convention ViewControlle.swift in Sources */ = {isa = PBXBuildFile; fileRef = 5B4DD13E2533F26600B2F5A0 /* Convention ViewControlle.swift */; };
		5B4DD1442533F6B400B2F5A0 /* SupportViewController.swift in Sources */ = {isa = PBXBuildFile; fileRef = 5B4DD1432533F6B400B2F5A0 /* SupportViewController.swift */; };
		5B4DD14E2534189C00B2F5A0 /* MoneyInsertViewController.swift in Sources */ = {isa = PBXBuildFile; fileRef = 5B4DD14D2534189C00B2F5A0 /* MoneyInsertViewController.swift */; };
		5B6710052535326F00F6B609 /* folderDetailViewContorller.swift in Sources */ = {isa = PBXBuildFile; fileRef = 5B6710042535326F00F6B609 /* folderDetailViewContorller.swift */; };
		5B67100A25354BDC00F6B609 /* Support.storyboard in Resources */ = {isa = PBXBuildFile; fileRef = 5B67100925354BDC00F6B609 /* Support.storyboard */; };
		5B67100F253567C100F6B609 /* Map.storyboard in Resources */ = {isa = PBXBuildFile; fileRef = 5B67100E253567C100F6B609 /* Map.storyboard */; };
		5B6710192535710A00F6B609 /* MapViewController.swift in Sources */ = {isa = PBXBuildFile; fileRef = 5B6710182535710A00F6B609 /* MapViewController.swift */; };
		5B67101E253575CB00F6B609 /* MoneyInsert.storyboard in Resources */ = {isa = PBXBuildFile; fileRef = 5B67101D253575CB00F6B609 /* MoneyInsert.storyboard */; };
		5B67102325357D7F00F6B609 /* FolderDetail.storyboard in Resources */ = {isa = PBXBuildFile; fileRef = 5B67102225357D7F00F6B609 /* FolderDetail.storyboard */; };
		6246A76625392457009C162B /* folderList2Storyboard.storyboard in Resources */ = {isa = PBXBuildFile; fileRef = 6246A76525392457009C162B /* folderList2Storyboard.storyboard */; };
		6246A76B2539246D009C162B /* FolderList2.swift in Sources */ = {isa = PBXBuildFile; fileRef = 6246A76A2539246D009C162B /* FolderList2.swift */; };
		62536C4925469BF1007EAA07 /* ParagraphinfoTable.swift in Sources */ = {isa = PBXBuildFile; fileRef = 62536C4825469BF1007EAA07 /* ParagraphinfoTable.swift */; };
		62536C4D25469E51007EAA07 /* cameraViewController.swift in Sources */ = {isa = PBXBuildFile; fileRef = 62536C4C25469E51007EAA07 /* cameraViewController.swift */; };
		62D8E691253D82D6002AF6C7 /* DatabaseHelper.swift in Sources */ = {isa = PBXBuildFile; fileRef = 62D8E690253D82D6002AF6C7 /* DatabaseHelper.swift */; };
		62D8E69D253D82E7002AF6C7 /* FolderinfoTable.swift in Sources */ = {isa = PBXBuildFile; fileRef = 62D8E69C253D82E7002AF6C7 /* FolderinfoTable.swift */; };
		62D8E6A2253D831A002AF6C7 /* folderCreateViewController.swift in Sources */ = {isa = PBXBuildFile; fileRef = 62D8E6A1253D831A002AF6C7 /* folderCreateViewController.swift */; };
		62D8E6A7253D8326002AF6C7 /* FolderCreate.storyboard in Resources */ = {isa = PBXBuildFile; fileRef = 62D8E6A6253D8326002AF6C7 /* FolderCreate.storyboard */; };
		62D8E6B4253D8A5D002AF6C7 /* GRDB.framework in Frameworks */ = {isa = PBXBuildFile; fileRef = 62D8E66D253D7E3E002AF6C7 /* GRDB.framework */; };
		62D8E6B5253D8A5D002AF6C7 /* GRDB.framework in Embed Frameworks */ = {isa = PBXBuildFile; fileRef = 62D8E66D253D7E3E002AF6C7 /* GRDB.framework */; settings = {ATTRIBUTES = (CodeSignOnCopy, RemoveHeadersOnCopy, ); }; };
/* End PBXBuildFile section */

/* Begin PBXContainerItemProxy section */
		5B4DD11F2533EB3600B2F5A0 /* PBXContainerItemProxy */ = {
			isa = PBXContainerItemProxy;
			containerPortal = 5B4DD1002533EB3500B2F5A0 /* Project object */;
			proxyType = 1;
			remoteGlobalIDString = 5B4DD1072533EB3500B2F5A0;
			remoteInfo = driveRecord;
		};
		5B4DD12A2533EB3600B2F5A0 /* PBXContainerItemProxy */ = {
			isa = PBXContainerItemProxy;
			containerPortal = 5B4DD1002533EB3500B2F5A0 /* Project object */;
			proxyType = 1;
			remoteGlobalIDString = 5B4DD1072533EB3500B2F5A0;
			remoteInfo = driveRecord;
		};
		62D8E666253D7E3E002AF6C7 /* PBXContainerItemProxy */ = {
			isa = PBXContainerItemProxy;
			containerPortal = 62D8E65B253D7E3D002AF6C7 /* GRDB.xcodeproj */;
			proxyType = 2;
			remoteGlobalIDString = DC3773F319C8CBB3004FCF85;
			remoteInfo = GRDBOSX;
		};
		62D8E668253D7E3E002AF6C7 /* PBXContainerItemProxy */ = {
			isa = PBXContainerItemProxy;
			containerPortal = 62D8E65B253D7E3D002AF6C7 /* GRDB.xcodeproj */;
			proxyType = 2;
			remoteGlobalIDString = 56E5D7F91B4D422D00430942;
			remoteInfo = GRDBOSXTests;
		};
		62D8E66A253D7E3E002AF6C7 /* PBXContainerItemProxy */ = {
			isa = PBXContainerItemProxy;
			containerPortal = 62D8E65B253D7E3D002AF6C7 /* GRDB.xcodeproj */;
			proxyType = 2;
			remoteGlobalIDString = 56553C181C3E906C00522B5C;
			remoteInfo = GRDBOSXCrashTests;
		};
		62D8E66C253D7E3E002AF6C7 /* PBXContainerItemProxy */ = {
			isa = PBXContainerItemProxy;
			containerPortal = 62D8E65B253D7E3D002AF6C7 /* GRDB.xcodeproj */;
			proxyType = 2;
			remoteGlobalIDString = 56E5D7CA1B4D3FED00430942;
			remoteInfo = GRDBiOS;
		};
		62D8E66E253D7E3E002AF6C7 /* PBXContainerItemProxy */ = {
			isa = PBXContainerItemProxy;
			containerPortal = 62D8E65B253D7E3D002AF6C7 /* GRDB.xcodeproj */;
			proxyType = 2;
			remoteGlobalIDString = 56E5D7D31B4D3FEE00430942;
			remoteInfo = GRDBiOSTests;
		};
		62D8E670253D7E3E002AF6C7 /* PBXContainerItemProxy */ = {
			isa = PBXContainerItemProxy;
			containerPortal = 62D8E65B253D7E3D002AF6C7 /* GRDB.xcodeproj */;
			proxyType = 2;
			remoteGlobalIDString = 565490A01D5A4798005622CB;
			remoteInfo = GRDBWatchOS;
		};
		62D8E672253D7E3E002AF6C7 /* PBXContainerItemProxy */ = {
			isa = PBXContainerItemProxy;
			containerPortal = 62D8E65B253D7E3D002AF6C7 /* GRDB.xcodeproj */;
			proxyType = 2;
			remoteGlobalIDString = AAA4DCFE230F1E0600C74B15;
			remoteInfo = GRDBtvOS;
		};
		62D8E674253D7E3E002AF6C7 /* PBXContainerItemProxy */ = {
			isa = PBXContainerItemProxy;
			containerPortal = 62D8E65B253D7E3D002AF6C7 /* GRDB.xcodeproj */;
			proxyType = 2;
			remoteGlobalIDString = AAA4DDD4230F262000C74B15;
			remoteInfo = GRDBtvOSTests;
		};
		62D8E6B1253D8A4B002AF6C7 /* PBXContainerItemProxy */ = {
			isa = PBXContainerItemProxy;
			containerPortal = 62D8E65B253D7E3D002AF6C7 /* GRDB.xcodeproj */;
			proxyType = 1;
			remoteGlobalIDString = 56E5D7C91B4D3FED00430942;
			remoteInfo = GRDBiOS;
		};
/* End PBXContainerItemProxy section */

/* Begin PBXCopyFilesBuildPhase section */
		62D8E6B6253D8A5D002AF6C7 /* Embed Frameworks */ = {
			isa = PBXCopyFilesBuildPhase;
			buildActionMask = 2147483647;
			dstPath = "";
			dstSubfolderSpec = 10;
			files = (
				62D8E6B5253D8A5D002AF6C7 /* GRDB.framework in Embed Frameworks */,
			);
			name = "Embed Frameworks";
			runOnlyForDeploymentPostprocessing = 0;
		};
/* End PBXCopyFilesBuildPhase section */

/* Begin PBXFileReference section */
		5B4DD1082533EB3500B2F5A0 /* driveRecord.app */ = {isa = PBXFileReference; explicitFileType = wrapper.application; includeInIndex = 0; path = driveRecord.app; sourceTree = BUILT_PRODUCTS_DIR; };
		5B4DD10B2533EB3500B2F5A0 /* AppDelegate.swift */ = {isa = PBXFileReference; lastKnownFileType = sourcecode.swift; path = AppDelegate.swift; sourceTree = "<group>"; };
		5B4DD10D2533EB3500B2F5A0 /* SceneDelegate.swift */ = {isa = PBXFileReference; lastKnownFileType = sourcecode.swift; path = SceneDelegate.swift; sourceTree = "<group>"; };
		5B4DD10F2533EB3500B2F5A0 /* ViewController.swift */ = {isa = PBXFileReference; lastKnownFileType = sourcecode.swift; path = ViewController.swift; sourceTree = "<group>"; };
		5B4DD1122533EB3500B2F5A0 /* Base */ = {isa = PBXFileReference; lastKnownFileType = file.storyboard; name = Base; path = Base.lproj/Main.storyboard; sourceTree = "<group>"; };
		5B4DD1142533EB3600B2F5A0 /* Assets.xcassets */ = {isa = PBXFileReference; lastKnownFileType = folder.assetcatalog; path = Assets.xcassets; sourceTree = "<group>"; };
		5B4DD1172533EB3600B2F5A0 /* Base */ = {isa = PBXFileReference; lastKnownFileType = file.storyboard; name = Base; path = Base.lproj/LaunchScreen.storyboard; sourceTree = "<group>"; };
		5B4DD1192533EB3600B2F5A0 /* Info.plist */ = {isa = PBXFileReference; lastKnownFileType = text.plist.xml; path = Info.plist; sourceTree = "<group>"; };
		5B4DD11E2533EB3600B2F5A0 /* driveRecordTests.xctest */ = {isa = PBXFileReference; explicitFileType = wrapper.cfbundle; includeInIndex = 0; path = driveRecordTests.xctest; sourceTree = BUILT_PRODUCTS_DIR; };
		5B4DD1222533EB3600B2F5A0 /* driveRecordTests.swift */ = {isa = PBXFileReference; lastKnownFileType = sourcecode.swift; path = driveRecordTests.swift; sourceTree = "<group>"; };
		5B4DD1242533EB3600B2F5A0 /* Info.plist */ = {isa = PBXFileReference; lastKnownFileType = text.plist.xml; path = Info.plist; sourceTree = "<group>"; };
		5B4DD1292533EB3600B2F5A0 /* driveRecordUITests.xctest */ = {isa = PBXFileReference; explicitFileType = wrapper.cfbundle; includeInIndex = 0; path = driveRecordUITests.xctest; sourceTree = BUILT_PRODUCTS_DIR; };
		5B4DD12D2533EB3600B2F5A0 /* driveRecordUITests.swift */ = {isa = PBXFileReference; lastKnownFileType = sourcecode.swift; path = driveRecordUITests.swift; sourceTree = "<group>"; };
		5B4DD12F2533EB3600B2F5A0 /* Info.plist */ = {isa = PBXFileReference; lastKnownFileType = text.plist.xml; path = Info.plist; sourceTree = "<group>"; };
		5B4DD13E2533F26600B2F5A0 /* Convention ViewControlle.swift */ = {isa = PBXFileReference; lastKnownFileType = sourcecode.swift; path = "Convention ViewControlle.swift"; sourceTree = "<group>"; };
		5B4DD1432533F6B400B2F5A0 /* SupportViewController.swift */ = {isa = PBXFileReference; lastKnownFileType = sourcecode.swift; path = SupportViewController.swift; sourceTree = "<group>"; };
		5B4DD14D2534189C00B2F5A0 /* MoneyInsertViewController.swift */ = {isa = PBXFileReference; lastKnownFileType = sourcecode.swift; path = MoneyInsertViewController.swift; sourceTree = "<group>"; };
		5B6710042535326F00F6B609 /* folderDetailViewContorller.swift */ = {isa = PBXFileReference; lastKnownFileType = sourcecode.swift; path = folderDetailViewContorller.swift; sourceTree = "<group>"; };
		5B67100925354BDC00F6B609 /* Support.storyboard */ = {isa = PBXFileReference; lastKnownFileType = file.storyboard; path = Support.storyboard; sourceTree = "<group>"; };
		5B67100E253567C100F6B609 /* Map.storyboard */ = {isa = PBXFileReference; lastKnownFileType = file.storyboard; path = Map.storyboard; sourceTree = "<group>"; };
		5B6710182535710A00F6B609 /* MapViewController.swift */ = {isa = PBXFileReference; lastKnownFileType = sourcecode.swift; path = MapViewController.swift; sourceTree = "<group>"; };
		5B67101D253575CB00F6B609 /* MoneyInsert.storyboard */ = {isa = PBXFileReference; lastKnownFileType = file.storyboard; path = MoneyInsert.storyboard; sourceTree = "<group>"; };
		5B67102225357D7F00F6B609 /* FolderDetail.storyboard */ = {isa = PBXFileReference; lastKnownFileType = file.storyboard; path = FolderDetail.storyboard; sourceTree = "<group>"; };
		6246A76525392457009C162B /* folderList2Storyboard.storyboard */ = {isa = PBXFileReference; lastKnownFileType = file.storyboard; path = folderList2Storyboard.storyboard; sourceTree = "<group>"; };
		6246A76A2539246D009C162B /* FolderList2.swift */ = {isa = PBXFileReference; lastKnownFileType = sourcecode.swift; path = FolderList2.swift; sourceTree = "<group>"; };
		62536C4825469BF1007EAA07 /* ParagraphinfoTable.swift */ = {isa = PBXFileReference; fileEncoding = 4; lastKnownFileType = sourcecode.swift; path = ParagraphinfoTable.swift; sourceTree = "<group>"; };
		62536C4C25469E51007EAA07 /* cameraViewController.swift */ = {isa = PBXFileReference; fileEncoding = 4; lastKnownFileType = sourcecode.swift; path = cameraViewController.swift; sourceTree = "<group>"; };
		62D8E65B253D7E3D002AF6C7 /* GRDB.xcodeproj */ = {isa = PBXFileReference; lastKnownFileType = "wrapper.pb-project"; name = GRDB.xcodeproj; path = "../../../../Downloads/GRDB.swift-master/GRDB.xcodeproj"; sourceTree = "<group>"; };
		62D8E690253D82D6002AF6C7 /* DatabaseHelper.swift */ = {isa = PBXFileReference; fileEncoding = 4; lastKnownFileType = sourcecode.swift; path = DatabaseHelper.swift; sourceTree = "<group>"; };
		62D8E69C253D82E7002AF6C7 /* FolderinfoTable.swift */ = {isa = PBXFileReference; fileEncoding = 4; lastKnownFileType = sourcecode.swift; path = FolderinfoTable.swift; sourceTree = "<group>"; };
		62D8E6A1253D831A002AF6C7 /* folderCreateViewController.swift */ = {isa = PBXFileReference; fileEncoding = 4; lastKnownFileType = sourcecode.swift; path = folderCreateViewController.swift; sourceTree = "<group>"; };
		62D8E6A6253D8326002AF6C7 /* FolderCreate.storyboard */ = {isa = PBXFileReference; fileEncoding = 4; lastKnownFileType = file.storyboard; path = FolderCreate.storyboard; sourceTree = "<group>"; };
		62D8E6C8253D8B24002AF6C7 /* ja */ = {isa = PBXFileReference; lastKnownFileType = text.plist.strings; name = ja; path = ja.lproj/Main.strings; sourceTree = "<group>"; };
		62D8E6C9253D8B25002AF6C7 /* ja */ = {isa = PBXFileReference; lastKnownFileType = text.plist.strings; name = ja; path = ja.lproj/LaunchScreen.strings; sourceTree = "<group>"; };
/* End PBXFileReference section */

/* Begin PBXFrameworksBuildPhase section */
		5B4DD1052533EB3500B2F5A0 /* Frameworks */ = {
			isa = PBXFrameworksBuildPhase;
			buildActionMask = 2147483647;
			files = (
				62D8E6B4253D8A5D002AF6C7 /* GRDB.framework in Frameworks */,
			);
			runOnlyForDeploymentPostprocessing = 0;
		};
		5B4DD11B2533EB3600B2F5A0 /* Frameworks */ = {
			isa = PBXFrameworksBuildPhase;
			buildActionMask = 2147483647;
			files = (
			);
			runOnlyForDeploymentPostprocessing = 0;
		};
		5B4DD1262533EB3600B2F5A0 /* Frameworks */ = {
			isa = PBXFrameworksBuildPhase;
			buildActionMask = 2147483647;
			files = (
			);
			runOnlyForDeploymentPostprocessing = 0;
		};
/* End PBXFrameworksBuildPhase section */

/* Begin PBXGroup section */
		5B4DD0FF2533EB3500B2F5A0 = {
			isa = PBXGroup;
			children = (
				5B4DD10A2533EB3500B2F5A0 /* driveRecord */,
				5B4DD1212533EB3600B2F5A0 /* driveRecordTests */,
				5B4DD12C2533EB3600B2F5A0 /* driveRecordUITests */,
				5B4DD1092533EB3500B2F5A0 /* Products */,
				62D8E6B3253D8A5D002AF6C7 /* Frameworks */,
			);
			sourceTree = "<group>";
		};
		5B4DD1092533EB3500B2F5A0 /* Products */ = {
			isa = PBXGroup;
			children = (
				5B4DD1082533EB3500B2F5A0 /* driveRecord.app */,
				5B4DD11E2533EB3600B2F5A0 /* driveRecordTests.xctest */,
				5B4DD1292533EB3600B2F5A0 /* driveRecordUITests.xctest */,
			);
			name = Products;
			sourceTree = "<group>";
		};
		5B4DD10A2533EB3500B2F5A0 /* driveRecord */ = {
			isa = PBXGroup;
			children = (
				62D8E6A6253D8326002AF6C7 /* FolderCreate.storyboard */,
				62D8E6A1253D831A002AF6C7 /* folderCreateViewController.swift */,
				62D8E69C253D82E7002AF6C7 /* FolderinfoTable.swift */,
				62D8E690253D82D6002AF6C7 /* DatabaseHelper.swift */,
				5B4DD10B2533EB3500B2F5A0 /* AppDelegate.swift */,
				5B4DD10D2533EB3500B2F5A0 /* SceneDelegate.swift */,
				5B4DD10F2533EB3500B2F5A0 /* ViewController.swift */,
				5B4DD1112533EB3500B2F5A0 /* Main.storyboard */,
				62D8E65B253D7E3D002AF6C7 /* GRDB.xcodeproj */,
				6246A76525392457009C162B /* folderList2Storyboard.storyboard */,
				6246A76A2539246D009C162B /* FolderList2.swift */,
				5B67101D253575CB00F6B609 /* MoneyInsert.storyboard */,
				5B4DD14D2534189C00B2F5A0 /* MoneyInsertViewController.swift */,
				62536C4C25469E51007EAA07 /* cameraViewController.swift */,
				62536C4825469BF1007EAA07 /* ParagraphinfoTable.swift */,
				5B67102225357D7F00F6B609 /* FolderDetail.storyboard */,
				5B67100E253567C100F6B609 /* Map.storyboard */,
				5B6710182535710A00F6B609 /* MapViewController.swift */,
				5B67100925354BDC00F6B609 /* Support.storyboard */,
				5B6710042535326F00F6B609 /* folderDetailViewContorller.swift */,
				5B4DD1432533F6B400B2F5A0 /* SupportViewController.swift */,
				5B4DD13E2533F26600B2F5A0 /* Convention ViewControlle.swift */,
				5B4DD1142533EB3600B2F5A0 /* Assets.xcassets */,
				5B4DD1162533EB3600B2F5A0 /* LaunchScreen.storyboard */,
				5B4DD1192533EB3600B2F5A0 /* Info.plist */,
			);
			path = driveRecord;
			sourceTree = "<group>";
		};
		5B4DD1212533EB3600B2F5A0 /* driveRecordTests */ = {
			isa = PBXGroup;
			children = (
				5B4DD1222533EB3600B2F5A0 /* driveRecordTests.swift */,
				5B4DD1242533EB3600B2F5A0 /* Info.plist */,
			);
			path = driveRecordTests;
			sourceTree = "<group>";
		};
		5B4DD12C2533EB3600B2F5A0 /* driveRecordUITests */ = {
			isa = PBXGroup;
			children = (
				5B4DD12D2533EB3600B2F5A0 /* driveRecordUITests.swift */,
				5B4DD12F2533EB3600B2F5A0 /* Info.plist */,
			);
			path = driveRecordUITests;
			sourceTree = "<group>";
		};
		62D8E65C253D7E3D002AF6C7 /* Products */ = {
			isa = PBXGroup;
			children = (
				62D8E667253D7E3E002AF6C7 /* GRDB.framework */,
				62D8E669253D7E3E002AF6C7 /* GRDBOSXTests.xctest */,
				62D8E66B253D7E3E002AF6C7 /* GRDBOSXCrashTests.xctest */,
				62D8E66D253D7E3E002AF6C7 /* GRDB.framework */,
				62D8E66F253D7E3E002AF6C7 /* GRDBiOSTests.xctest */,
				62D8E671253D7E3E002AF6C7 /* GRDB.framework */,
				62D8E673253D7E3E002AF6C7 /* GRDB.framework */,
				62D8E675253D7E3E002AF6C7 /* GRDBtvOSTests.xctest */,
			);
			name = Products;
			sourceTree = "<group>";
		};
		62D8E6B3253D8A5D002AF6C7 /* Frameworks */ = {
			isa = PBXGroup;
			children = (
			);
			name = Frameworks;
			sourceTree = "<group>";
		};
/* End PBXGroup section */

/* Begin PBXNativeTarget section */
		5B4DD1072533EB3500B2F5A0 /* driveRecord */ = {
			isa = PBXNativeTarget;
			buildConfigurationList = 5B4DD1322533EB3600B2F5A0 /* Build configuration list for PBXNativeTarget "driveRecord" */;
			buildPhases = (
				5B4DD1042533EB3500B2F5A0 /* Sources */,
				5B4DD1052533EB3500B2F5A0 /* Frameworks */,
				5B4DD1062533EB3500B2F5A0 /* Resources */,
				62D8E6B6253D8A5D002AF6C7 /* Embed Frameworks */,
			);
			buildRules = (
			);
			dependencies = (
				62D8E6B2253D8A4B002AF6C7 /* PBXTargetDependency */,
			);
			name = driveRecord;
			productName = driveRecord;
			productReference = 5B4DD1082533EB3500B2F5A0 /* driveRecord.app */;
			productType = "com.apple.product-type.application";
		};
		5B4DD11D2533EB3600B2F5A0 /* driveRecordTests */ = {
			isa = PBXNativeTarget;
			buildConfigurationList = 5B4DD1352533EB3600B2F5A0 /* Build configuration list for PBXNativeTarget "driveRecordTests" */;
			buildPhases = (
				5B4DD11A2533EB3600B2F5A0 /* Sources */,
				5B4DD11B2533EB3600B2F5A0 /* Frameworks */,
				5B4DD11C2533EB3600B2F5A0 /* Resources */,
			);
			buildRules = (
			);
			dependencies = (
				5B4DD1202533EB3600B2F5A0 /* PBXTargetDependency */,
			);
			name = driveRecordTests;
			productName = driveRecordTests;
			productReference = 5B4DD11E2533EB3600B2F5A0 /* driveRecordTests.xctest */;
			productType = "com.apple.product-type.bundle.unit-test";
		};
		5B4DD1282533EB3600B2F5A0 /* driveRecordUITests */ = {
			isa = PBXNativeTarget;
			buildConfigurationList = 5B4DD1382533EB3600B2F5A0 /* Build configuration list for PBXNativeTarget "driveRecordUITests" */;
			buildPhases = (
				5B4DD1252533EB3600B2F5A0 /* Sources */,
				5B4DD1262533EB3600B2F5A0 /* Frameworks */,
				5B4DD1272533EB3600B2F5A0 /* Resources */,
			);
			buildRules = (
			);
			dependencies = (
				5B4DD12B2533EB3600B2F5A0 /* PBXTargetDependency */,
			);
			name = driveRecordUITests;
			productName = driveRecordUITests;
			productReference = 5B4DD1292533EB3600B2F5A0 /* driveRecordUITests.xctest */;
			productType = "com.apple.product-type.bundle.ui-testing";
		};
/* End PBXNativeTarget section */

/* Begin PBXProject section */
		5B4DD1002533EB3500B2F5A0 /* Project object */ = {
			isa = PBXProject;
			attributes = {
				LastSwiftUpdateCheck = 1200;
				LastUpgradeCheck = 1200;
				TargetAttributes = {
					5B4DD1072533EB3500B2F5A0 = {
						CreatedOnToolsVersion = 12.0.1;
					};
					5B4DD11D2533EB3600B2F5A0 = {
						CreatedOnToolsVersion = 12.0.1;
						TestTargetID = 5B4DD1072533EB3500B2F5A0;
					};
					5B4DD1282533EB3600B2F5A0 = {
						CreatedOnToolsVersion = 12.0.1;
						TestTargetID = 5B4DD1072533EB3500B2F5A0;
					};
				};
			};
			buildConfigurationList = 5B4DD1032533EB3500B2F5A0 /* Build configuration list for PBXProject "driveRecord" */;
			compatibilityVersion = "Xcode 9.3";
			developmentRegion = en;
			hasScannedForEncodings = 0;
			knownRegions = (
				en,
				Base,
				ja,
			);
			mainGroup = 5B4DD0FF2533EB3500B2F5A0;
			productRefGroup = 5B4DD1092533EB3500B2F5A0 /* Products */;
			projectDirPath = "";
			projectReferences = (
				{
					ProductGroup = 62D8E65C253D7E3D002AF6C7 /* Products */;
					ProjectRef = 62D8E65B253D7E3D002AF6C7 /* GRDB.xcodeproj */;
				},
			);
			projectRoot = "";
			targets = (
				5B4DD1072533EB3500B2F5A0 /* driveRecord */,
				5B4DD11D2533EB3600B2F5A0 /* driveRecordTests */,
				5B4DD1282533EB3600B2F5A0 /* driveRecordUITests */,
			);
		};
/* End PBXProject section */

/* Begin PBXReferenceProxy section */
		62D8E667253D7E3E002AF6C7 /* GRDB.framework */ = {
			isa = PBXReferenceProxy;
			fileType = wrapper.framework;
			path = GRDB.framework;
			remoteRef = 62D8E666253D7E3E002AF6C7 /* PBXContainerItemProxy */;
			sourceTree = BUILT_PRODUCTS_DIR;
		};
		62D8E669253D7E3E002AF6C7 /* GRDBOSXTests.xctest */ = {
			isa = PBXReferenceProxy;
			fileType = wrapper.cfbundle;
			path = GRDBOSXTests.xctest;
			remoteRef = 62D8E668253D7E3E002AF6C7 /* PBXContainerItemProxy */;
			sourceTree = BUILT_PRODUCTS_DIR;
		};
		62D8E66B253D7E3E002AF6C7 /* GRDBOSXCrashTests.xctest */ = {
			isa = PBXReferenceProxy;
			fileType = wrapper.cfbundle;
			path = GRDBOSXCrashTests.xctest;
			remoteRef = 62D8E66A253D7E3E002AF6C7 /* PBXContainerItemProxy */;
			sourceTree = BUILT_PRODUCTS_DIR;
		};
		62D8E66D253D7E3E002AF6C7 /* GRDB.framework */ = {
			isa = PBXReferenceProxy;
			fileType = wrapper.framework;
			path = GRDB.framework;
			remoteRef = 62D8E66C253D7E3E002AF6C7 /* PBXContainerItemProxy */;
			sourceTree = BUILT_PRODUCTS_DIR;
		};
		62D8E66F253D7E3E002AF6C7 /* GRDBiOSTests.xctest */ = {
			isa = PBXReferenceProxy;
			fileType = wrapper.cfbundle;
			path = GRDBiOSTests.xctest;
			remoteRef = 62D8E66E253D7E3E002AF6C7 /* PBXContainerItemProxy */;
			sourceTree = BUILT_PRODUCTS_DIR;
		};
		62D8E671253D7E3E002AF6C7 /* GRDB.framework */ = {
			isa = PBXReferenceProxy;
			fileType = wrapper.framework;
			path = GRDB.framework;
			remoteRef = 62D8E670253D7E3E002AF6C7 /* PBXContainerItemProxy */;
			sourceTree = BUILT_PRODUCTS_DIR;
		};
		62D8E673253D7E3E002AF6C7 /* GRDB.framework */ = {
			isa = PBXReferenceProxy;
			fileType = wrapper.framework;
			path = GRDB.framework;
			remoteRef = 62D8E672253D7E3E002AF6C7 /* PBXContainerItemProxy */;
			sourceTree = BUILT_PRODUCTS_DIR;
		};
		62D8E675253D7E3E002AF6C7 /* GRDBtvOSTests.xctest */ = {
			isa = PBXReferenceProxy;
			fileType = wrapper.cfbundle;
			path = GRDBtvOSTests.xctest;
			remoteRef = 62D8E674253D7E3E002AF6C7 /* PBXContainerItemProxy */;
			sourceTree = BUILT_PRODUCTS_DIR;
		};
/* End PBXReferenceProxy section */

/* Begin PBXResourcesBuildPhase section */
		5B4DD1062533EB3500B2F5A0 /* Resources */ = {
			isa = PBXResourcesBuildPhase;
			buildActionMask = 2147483647;
			files = (
				62D8E6A7253D8326002AF6C7 /* FolderCreate.storyboard in Resources */,
				5B4DD1182533EB3600B2F5A0 /* LaunchScreen.storyboard in Resources */,
				6246A76625392457009C162B /* folderList2Storyboard.storyboard in Resources */,
				5B4DD1152533EB3600B2F5A0 /* Assets.xcassets in Resources */,
				5B67101E253575CB00F6B609 /* MoneyInsert.storyboard in Resources */,
				5B67100F253567C100F6B609 /* Map.storyboard in Resources */,
				5B67102325357D7F00F6B609 /* FolderDetail.storyboard in Resources */,
				5B67100A25354BDC00F6B609 /* Support.storyboard in Resources */,
				5B4DD1132533EB3500B2F5A0 /* Main.storyboard in Resources */,
			);
			runOnlyForDeploymentPostprocessing = 0;
		};
		5B4DD11C2533EB3600B2F5A0 /* Resources */ = {
			isa = PBXResourcesBuildPhase;
			buildActionMask = 2147483647;
			files = (
			);
			runOnlyForDeploymentPostprocessing = 0;
		};
		5B4DD1272533EB3600B2F5A0 /* Resources */ = {
			isa = PBXResourcesBuildPhase;
			buildActionMask = 2147483647;
			files = (
			);
			runOnlyForDeploymentPostprocessing = 0;
		};
/* End PBXResourcesBuildPhase section */

/* Begin PBXSourcesBuildPhase section */
		5B4DD1042533EB3500B2F5A0 /* Sources */ = {
			isa = PBXSourcesBuildPhase;
			buildActionMask = 2147483647;
			files = (
				5B4DD1102533EB3500B2F5A0 /* ViewController.swift in Sources */,
				5B6710052535326F00F6B609 /* folderDetailViewContorller.swift in Sources */,
				62D8E691253D82D6002AF6C7 /* DatabaseHelper.swift in Sources */,
				62536C4D25469E51007EAA07 /* cameraViewController.swift in Sources */,
				62536C4925469BF1007EAA07 /* ParagraphinfoTable.swift in Sources */,
				62D8E69D253D82E7002AF6C7 /* FolderinfoTable.swift in Sources */,
				5B4DD13F2533F26600B2F5A0 /* Convention ViewControlle.swift in Sources */,
				5B6710192535710A00F6B609 /* MapViewController.swift in Sources */,
				5B4DD10C2533EB3500B2F5A0 /* AppDelegate.swift in Sources */,
				62D8E6A2253D831A002AF6C7 /* folderCreateViewController.swift in Sources */,
				5B4DD1442533F6B400B2F5A0 /* SupportViewController.swift in Sources */,
				5B4DD14E2534189C00B2F5A0 /* MoneyInsertViewController.swift in Sources */,
				5B4DD10E2533EB3500B2F5A0 /* SceneDelegate.swift in Sources */,
				6246A76B2539246D009C162B /* FolderList2.swift in Sources */,
			);
			runOnlyForDeploymentPostprocessing = 0;
		};
		5B4DD11A2533EB3600B2F5A0 /* Sources */ = {
			isa = PBXSourcesBuildPhase;
			buildActionMask = 2147483647;
			files = (
				5B4DD1232533EB3600B2F5A0 /* driveRecordTests.swift in Sources */,
			);
			runOnlyForDeploymentPostprocessing = 0;
		};
		5B4DD1252533EB3600B2F5A0 /* Sources */ = {
			isa = PBXSourcesBuildPhase;
			buildActionMask = 2147483647;
			files = (
				5B4DD12E2533EB3600B2F5A0 /* driveRecordUITests.swift in Sources */,
			);
			runOnlyForDeploymentPostprocessing = 0;
		};
/* End PBXSourcesBuildPhase section */

/* Begin PBXTargetDependency section */
		5B4DD1202533EB3600B2F5A0 /* PBXTargetDependency */ = {
			isa = PBXTargetDependency;
			target = 5B4DD1072533EB3500B2F5A0 /* driveRecord */;
			targetProxy = 5B4DD11F2533EB3600B2F5A0 /* PBXContainerItemProxy */;
		};
		5B4DD12B2533EB3600B2F5A0 /* PBXTargetDependency */ = {
			isa = PBXTargetDependency;
			target = 5B4DD1072533EB3500B2F5A0 /* driveRecord */;
			targetProxy = 5B4DD12A2533EB3600B2F5A0 /* PBXContainerItemProxy */;
		};
		62D8E6B2253D8A4B002AF6C7 /* PBXTargetDependency */ = {
			isa = PBXTargetDependency;
			name = GRDBiOS;
			targetProxy = 62D8E6B1253D8A4B002AF6C7 /* PBXContainerItemProxy */;
		};
/* End PBXTargetDependency section */

/* Begin PBXVariantGroup section */
		5B4DD1112533EB3500B2F5A0 /* Main.storyboard */ = {
			isa = PBXVariantGroup;
			children = (
				5B4DD1122533EB3500B2F5A0 /* Base */,
				62D8E6C8253D8B24002AF6C7 /* ja */,
			);
			name = Main.storyboard;
			sourceTree = "<group>";
		};
		5B4DD1162533EB3600B2F5A0 /* LaunchScreen.storyboard */ = {
			isa = PBXVariantGroup;
			children = (
				5B4DD1172533EB3600B2F5A0 /* Base */,
				62D8E6C9253D8B25002AF6C7 /* ja */,
			);
			name = LaunchScreen.storyboard;
			sourceTree = "<group>";
		};
/* End PBXVariantGroup section */

/* Begin XCBuildConfiguration section */
		5B4DD1302533EB3600B2F5A0 /* Debug */ = {
			isa = XCBuildConfiguration;
			buildSettings = {
				ALWAYS_SEARCH_USER_PATHS = NO;
				CLANG_ANALYZER_LOCALIZABILITY_NONLOCALIZED = YES;
				CLANG_ANALYZER_NONNULL = YES;
				CLANG_ANALYZER_NUMBER_OBJECT_CONVERSION = YES_AGGRESSIVE;
				CLANG_CXX_LANGUAGE_STANDARD = "gnu++14";
				CLANG_CXX_LIBRARY = "libc++";
				CLANG_ENABLE_MODULES = YES;
				CLANG_ENABLE_OBJC_ARC = YES;
				CLANG_ENABLE_OBJC_WEAK = YES;
				CLANG_WARN_BLOCK_CAPTURE_AUTORELEASING = YES;
				CLANG_WARN_BOOL_CONVERSION = YES;
				CLANG_WARN_COMMA = YES;
				CLANG_WARN_CONSTANT_CONVERSION = YES;
				CLANG_WARN_DEPRECATED_OBJC_IMPLEMENTATIONS = YES;
				CLANG_WARN_DIRECT_OBJC_ISA_USAGE = YES_ERROR;
				CLANG_WARN_DOCUMENTATION_COMMENTS = YES;
				CLANG_WARN_EMPTY_BODY = YES;
				CLANG_WARN_ENUM_CONVERSION = YES;
				CLANG_WARN_INFINITE_RECURSION = YES;
				CLANG_WARN_INT_CONVERSION = YES;
				CLANG_WARN_NON_LITERAL_NULL_CONVERSION = YES;
				CLANG_WARN_OBJC_IMPLICIT_RETAIN_SELF = YES;
				CLANG_WARN_OBJC_LITERAL_CONVERSION = YES;
				CLANG_WARN_OBJC_ROOT_CLASS = YES_ERROR;
				CLANG_WARN_QUOTED_INCLUDE_IN_FRAMEWORK_HEADER = YES;
				CLANG_WARN_RANGE_LOOP_ANALYSIS = YES;
				CLANG_WARN_STRICT_PROTOTYPES = YES;
				CLANG_WARN_SUSPICIOUS_MOVE = YES;
				CLANG_WARN_UNGUARDED_AVAILABILITY = YES_AGGRESSIVE;
				CLANG_WARN_UNREACHABLE_CODE = YES;
				CLANG_WARN__DUPLICATE_METHOD_MATCH = YES;
				COPY_PHASE_STRIP = NO;
				DEBUG_INFORMATION_FORMAT = dwarf;
				ENABLE_STRICT_OBJC_MSGSEND = YES;
				ENABLE_TESTABILITY = YES;
				GCC_C_LANGUAGE_STANDARD = gnu11;
				GCC_DYNAMIC_NO_PIC = NO;
				GCC_NO_COMMON_BLOCKS = YES;
				GCC_OPTIMIZATION_LEVEL = 0;
				GCC_PREPROCESSOR_DEFINITIONS = (
					"DEBUG=1",
					"$(inherited)",
				);
				GCC_WARN_64_TO_32_BIT_CONVERSION = YES;
				GCC_WARN_ABOUT_RETURN_TYPE = YES_ERROR;
				GCC_WARN_UNDECLARED_SELECTOR = YES;
				GCC_WARN_UNINITIALIZED_AUTOS = YES_AGGRESSIVE;
				GCC_WARN_UNUSED_FUNCTION = YES;
				GCC_WARN_UNUSED_VARIABLE = YES;
				IPHONEOS_DEPLOYMENT_TARGET = 14.0;
				MTL_ENABLE_DEBUG_INFO = INCLUDE_SOURCE;
				MTL_FAST_MATH = YES;
				ONLY_ACTIVE_ARCH = YES;
				SDKROOT = iphoneos;
				SWIFT_ACTIVE_COMPILATION_CONDITIONS = DEBUG;
				SWIFT_OPTIMIZATION_LEVEL = "-Onone";
			};
			name = Debug;
		};
		5B4DD1312533EB3600B2F5A0 /* Release */ = {
			isa = XCBuildConfiguration;
			buildSettings = {
				ALWAYS_SEARCH_USER_PATHS = NO;
				CLANG_ANALYZER_LOCALIZABILITY_NONLOCALIZED = YES;
				CLANG_ANALYZER_NONNULL = YES;
				CLANG_ANALYZER_NUMBER_OBJECT_CONVERSION = YES_AGGRESSIVE;
				CLANG_CXX_LANGUAGE_STANDARD = "gnu++14";
				CLANG_CXX_LIBRARY = "libc++";
				CLANG_ENABLE_MODULES = YES;
				CLANG_ENABLE_OBJC_ARC = YES;
				CLANG_ENABLE_OBJC_WEAK = YES;
				CLANG_WARN_BLOCK_CAPTURE_AUTORELEASING = YES;
				CLANG_WARN_BOOL_CONVERSION = YES;
				CLANG_WARN_COMMA = YES;
				CLANG_WARN_CONSTANT_CONVERSION = YES;
				CLANG_WARN_DEPRECATED_OBJC_IMPLEMENTATIONS = YES;
				CLANG_WARN_DIRECT_OBJC_ISA_USAGE = YES_ERROR;
				CLANG_WARN_DOCUMENTATION_COMMENTS = YES;
				CLANG_WARN_EMPTY_BODY = YES;
				CLANG_WARN_ENUM_CONVERSION = YES;
				CLANG_WARN_INFINITE_RECURSION = YES;
				CLANG_WARN_INT_CONVERSION = YES;
				CLANG_WARN_NON_LITERAL_NULL_CONVERSION = YES;
				CLANG_WARN_OBJC_IMPLICIT_RETAIN_SELF = YES;
				CLANG_WARN_OBJC_LITERAL_CONVERSION = YES;
				CLANG_WARN_OBJC_ROOT_CLASS = YES_ERROR;
				CLANG_WARN_QUOTED_INCLUDE_IN_FRAMEWORK_HEADER = YES;
				CLANG_WARN_RANGE_LOOP_ANALYSIS = YES;
				CLANG_WARN_STRICT_PROTOTYPES = YES;
				CLANG_WARN_SUSPICIOUS_MOVE = YES;
				CLANG_WARN_UNGUARDED_AVAILABILITY = YES_AGGRESSIVE;
				CLANG_WARN_UNREACHABLE_CODE = YES;
				CLANG_WARN__DUPLICATE_METHOD_MATCH = YES;
				COPY_PHASE_STRIP = NO;
				DEBUG_INFORMATION_FORMAT = "dwarf-with-dsym";
				ENABLE_NS_ASSERTIONS = NO;
				ENABLE_STRICT_OBJC_MSGSEND = YES;
				GCC_C_LANGUAGE_STANDARD = gnu11;
				GCC_NO_COMMON_BLOCKS = YES;
				GCC_WARN_64_TO_32_BIT_CONVERSION = YES;
				GCC_WARN_ABOUT_RETURN_TYPE = YES_ERROR;
				GCC_WARN_UNDECLARED_SELECTOR = YES;
				GCC_WARN_UNINITIALIZED_AUTOS = YES_AGGRESSIVE;
				GCC_WARN_UNUSED_FUNCTION = YES;
				GCC_WARN_UNUSED_VARIABLE = YES;
				IPHONEOS_DEPLOYMENT_TARGET = 14.0;
				MTL_ENABLE_DEBUG_INFO = NO;
				MTL_FAST_MATH = YES;
				SDKROOT = iphoneos;
				SWIFT_COMPILATION_MODE = wholemodule;
				SWIFT_OPTIMIZATION_LEVEL = "-O";
				VALIDATE_PRODUCT = YES;
			};
			name = Release;
		};
		5B4DD1332533EB3600B2F5A0 /* Debug */ = {
			isa = XCBuildConfiguration;
			buildSettings = {
				ASSETCATALOG_COMPILER_APPICON_NAME = AppIcon;
				ASSETCATALOG_COMPILER_GLOBAL_ACCENT_COLOR_NAME = AccentColor;
				CODE_SIGN_STYLE = Automatic;
				INFOPLIST_FILE = driveRecord/Info.plist;
				LD_RUNPATH_SEARCH_PATHS = (
					"$(inherited)",
					"@executable_path/Frameworks",
				);
				PRODUCT_BUNDLE_IDENTIFIER = jp.co.cimtech.driveRecord;
				PRODUCT_NAME = "$(TARGET_NAME)";
				SWIFT_VERSION = 5.0;
				TARGETED_DEVICE_FAMILY = 1;
			};
			name = Debug;
		};
		5B4DD1342533EB3600B2F5A0 /* Release */ = {
			isa = XCBuildConfiguration;
			buildSettings = {
				ASSETCATALOG_COMPILER_APPICON_NAME = AppIcon;
				ASSETCATALOG_COMPILER_GLOBAL_ACCENT_COLOR_NAME = AccentColor;
				CODE_SIGN_STYLE = Automatic;
				INFOPLIST_FILE = driveRecord/Info.plist;
				LD_RUNPATH_SEARCH_PATHS = (
					"$(inherited)",
					"@executable_path/Frameworks",
				);
				PRODUCT_BUNDLE_IDENTIFIER = jp.co.cimtech.driveRecord;
				PRODUCT_NAME = "$(TARGET_NAME)";
				SWIFT_VERSION = 5.0;
				TARGETED_DEVICE_FAMILY = 1;
			};
			name = Release;
		};
		5B4DD1362533EB3600B2F5A0 /* Debug */ = {
			isa = XCBuildConfiguration;
			buildSettings = {
				ALWAYS_EMBED_SWIFT_STANDARD_LIBRARIES = YES;
				BUNDLE_LOADER = "$(TEST_HOST)";
				CODE_SIGN_STYLE = Automatic;
				INFOPLIST_FILE = driveRecordTests/Info.plist;
				IPHONEOS_DEPLOYMENT_TARGET = 14.0;
				LD_RUNPATH_SEARCH_PATHS = (
					"$(inherited)",
					"@executable_path/Frameworks",
					"@loader_path/Frameworks",
				);
				PRODUCT_BUNDLE_IDENTIFIER = jp.co.cimtech.driveRecordTests;
				PRODUCT_NAME = "$(TARGET_NAME)";
				SWIFT_VERSION = 5.0;
				TARGETED_DEVICE_FAMILY = "1,2";
				TEST_HOST = "$(BUILT_PRODUCTS_DIR)/driveRecord.app/driveRecord";
			};
			name = Debug;
		};
		5B4DD1372533EB3600B2F5A0 /* Release */ = {
			isa = XCBuildConfiguration;
			buildSettings = {
				ALWAYS_EMBED_SWIFT_STANDARD_LIBRARIES = YES;
				BUNDLE_LOADER = "$(TEST_HOST)";
				CODE_SIGN_STYLE = Automatic;
				INFOPLIST_FILE = driveRecordTests/Info.plist;
				IPHONEOS_DEPLOYMENT_TARGET = 14.0;
				LD_RUNPATH_SEARCH_PATHS = (
					"$(inherited)",
					"@executable_path/Frameworks",
					"@loader_path/Frameworks",
				);
				PRODUCT_BUNDLE_IDENTIFIER = jp.co.cimtech.driveRecordTests;
				PRODUCT_NAME = "$(TARGET_NAME)";
				SWIFT_VERSION = 5.0;
				TARGETED_DEVICE_FAMILY = "1,2";
				TEST_HOST = "$(BUILT_PRODUCTS_DIR)/driveRecord.app/driveRecord";
			};
			name = Release;
		};
		5B4DD1392533EB3600B2F5A0 /* Debug */ = {
			isa = XCBuildConfiguration;
			buildSettings = {
				ALWAYS_EMBED_SWIFT_STANDARD_LIBRARIES = YES;
				CODE_SIGN_STYLE = Automatic;
				INFOPLIST_FILE = driveRecordUITests/Info.plist;
				LD_RUNPATH_SEARCH_PATHS = (
					"$(inherited)",
					"@executable_path/Frameworks",
					"@loader_path/Frameworks",
				);
				PRODUCT_BUNDLE_IDENTIFIER = jp.co.cimtech.driveRecordUITests;
				PRODUCT_NAME = "$(TARGET_NAME)";
				SWIFT_VERSION = 5.0;
				TARGETED_DEVICE_FAMILY = "1,2";
				TEST_TARGET_NAME = driveRecord;
			};
			name = Debug;
		};
		5B4DD13A2533EB3600B2F5A0 /* Release */ = {
			isa = XCBuildConfiguration;
			buildSettings = {
				ALWAYS_EMBED_SWIFT_STANDARD_LIBRARIES = YES;
				CODE_SIGN_STYLE = Automatic;
				INFOPLIST_FILE = driveRecordUITests/Info.plist;
				LD_RUNPATH_SEARCH_PATHS = (
					"$(inherited)",
					"@executable_path/Frameworks",
					"@loader_path/Frameworks",
				);
				PRODUCT_BUNDLE_IDENTIFIER = jp.co.cimtech.driveRecordUITests;
				PRODUCT_NAME = "$(TARGET_NAME)";
				SWIFT_VERSION = 5.0;
				TARGETED_DEVICE_FAMILY = "1,2";
				TEST_TARGET_NAME = driveRecord;
			};
			name = Release;
		};
/* End XCBuildConfiguration section */

/* Begin XCConfigurationList section */
		5B4DD1032533EB3500B2F5A0 /* Build configuration list for PBXProject "driveRecord" */ = {
			isa = XCConfigurationList;
			buildConfigurations = (
				5B4DD1302533EB3600B2F5A0 /* Debug */,
				5B4DD1312533EB3600B2F5A0 /* Release */,
			);
			defaultConfigurationIsVisible = 0;
			defaultConfigurationName = Release;
		};
		5B4DD1322533EB3600B2F5A0 /* Build configuration list for PBXNativeTarget "driveRecord" */ = {
			isa = XCConfigurationList;
			buildConfigurations = (
				5B4DD1332533EB3600B2F5A0 /* Debug */,
				5B4DD1342533EB3600B2F5A0 /* Release */,
			);
			defaultConfigurationIsVisible = 0;
			defaultConfigurationName = Release;
		};
		5B4DD1352533EB3600B2F5A0 /* Build configuration list for PBXNativeTarget "driveRecordTests" */ = {
			isa = XCConfigurationList;
			buildConfigurations = (
				5B4DD1362533EB3600B2F5A0 /* Debug */,
				5B4DD1372533EB3600B2F5A0 /* Release */,
			);
			defaultConfigurationIsVisible = 0;
			defaultConfigurationName = Release;
		};
		5B4DD1382533EB3600B2F5A0 /* Build configuration list for PBXNativeTarget "driveRecordUITests" */ = {
			isa = XCConfigurationList;
			buildConfigurations = (
				5B4DD1392533EB3600B2F5A0 /* Debug */,
				5B4DD13A2533EB3600B2F5A0 /* Release */,
			);
			defaultConfigurationIsVisible = 0;
			defaultConfigurationName = Release;
		};
/* End XCConfigurationList section */
	};
	rootObject = 5B4DD1002533EB3500B2F5A0 /* Project object */;
}
