// !$*UTF8*$!
{
	archiveVersion = 1;
	classes = {
	};
	objectVersion = 51;
	objects = {

/* Begin PBXBuildFile section */
		39417800D58722B4039C7728 /* Pods_driveRecordIOSTests.framework in Frameworks */ = {isa = PBXBuildFile; fileRef = 1F2A232E381C070317150D27 /* Pods_driveRecordIOSTests.framework */; };
		5C7E04EF6A04B67DBE74EE88 /* Pods_driveRecordIOS_driveRecordIOSUITests.framework in Frameworks */ = {isa = PBXBuildFile; fileRef = E1F5DF1C6D779E265CA6648F /* Pods_driveRecordIOS_driveRecordIOSUITests.framework */; };
		6270B7152562608000C382E5 /* AppDelegate.swift in Sources */ = {isa = PBXBuildFile; fileRef = 6270B7142562608000C382E5 /* AppDelegate.swift */; };
		6270B7172562608000C382E5 /* SceneDelegate.swift in Sources */ = {isa = PBXBuildFile; fileRef = 6270B7162562608000C382E5 /* SceneDelegate.swift */; };
		6270B7192562608000C382E5 /* ViewController.swift in Sources */ = {isa = PBXBuildFile; fileRef = 6270B7182562608000C382E5 /* ViewController.swift */; };
		6270B71C2562608000C382E5 /* Main.storyboard in Resources */ = {isa = PBXBuildFile; fileRef = 6270B71A2562608000C382E5 /* Main.storyboard */; };
		6270B71E2562608100C382E5 /* Assets.xcassets in Resources */ = {isa = PBXBuildFile; fileRef = 6270B71D2562608100C382E5 /* Assets.xcassets */; };
		6270B7212562608100C382E5 /* LaunchScreen.storyboard in Resources */ = {isa = PBXBuildFile; fileRef = 6270B71F2562608100C382E5 /* LaunchScreen.storyboard */; };
		6270B72C2562608200C382E5 /* driveRecordIOSTests.swift in Sources */ = {isa = PBXBuildFile; fileRef = 6270B72B2562608200C382E5 /* driveRecordIOSTests.swift */; };
		6270B7372562608200C382E5 /* driveRecordIOSUITests.swift in Sources */ = {isa = PBXBuildFile; fileRef = 6270B7362562608200C382E5 /* driveRecordIOSUITests.swift */; };
		6270B7842562653D00C382E5 /* Base.lproj in Resources */ = {isa = PBXBuildFile; fileRef = 6270B7832562653D00C382E5 /* Base.lproj */; };
		6270B7882562654A00C382E5 /* cameraViewController.swift in Sources */ = {isa = PBXBuildFile; fileRef = 6270B7872562654A00C382E5 /* cameraViewController.swift */; };
		6270B78C2562655600C382E5 /* Convention ViewControlle.swift in Sources */ = {isa = PBXBuildFile; fileRef = 6270B78B2562655600C382E5 /* Convention ViewControlle.swift */; };
		6270B7902562655F00C382E5 /* DatabaseHelper.swift in Sources */ = {isa = PBXBuildFile; fileRef = 6270B78F2562655F00C382E5 /* DatabaseHelper.swift */; };
		6270B7942562656600C382E5 /* FolderCreate.storyboard in Resources */ = {isa = PBXBuildFile; fileRef = 6270B7932562656600C382E5 /* FolderCreate.storyboard */; };
		6270B7982562656F00C382E5 /* folderCreateViewController.swift in Sources */ = {isa = PBXBuildFile; fileRef = 6270B7972562656F00C382E5 /* folderCreateViewController.swift */; };
		6270B79C2562658B00C382E5 /* FolderDetail.storyboard in Resources */ = {isa = PBXBuildFile; fileRef = 6270B79B2562658B00C382E5 /* FolderDetail.storyboard */; };
		6270B7A02562659400C382E5 /* FolderDetailViewContorller.swift in Sources */ = {isa = PBXBuildFile; fileRef = 6270B79F2562659400C382E5 /* FolderDetailViewContorller.swift */; };
		6270B7A42562659D00C382E5 /* FolderinfoTable.swift in Sources */ = {isa = PBXBuildFile; fileRef = 6270B7A32562659D00C382E5 /* FolderinfoTable.swift */; };
		6270B7A8256265A600C382E5 /* folderList.storyboard in Resources */ = {isa = PBXBuildFile; fileRef = 6270B7A7256265A600C382E5 /* folderList.storyboard */; };
		6270B7AC256265AD00C382E5 /* FolderList2.swift in Sources */ = {isa = PBXBuildFile; fileRef = 6270B7AB256265AD00C382E5 /* FolderList2.swift */; };
		6270B7B0256265BD00C382E5 /* folderList2Storyboard.storyboard in Resources */ = {isa = PBXBuildFile; fileRef = 6270B7AF256265BD00C382E5 /* folderList2Storyboard.storyboard */; };
		6270B7B4256265C900C382E5 /* Map.storyboard in Resources */ = {isa = PBXBuildFile; fileRef = 6270B7B3256265C900C382E5 /* Map.storyboard */; };
		6270B7BD256265DC00C382E5 /* MoneyInsertViewController.swift in Sources */ = {isa = PBXBuildFile; fileRef = 6270B7B7256265DC00C382E5 /* MoneyInsertViewController.swift */; };
		6270B7BE256265DC00C382E5 /* MapViewController.swift in Sources */ = {isa = PBXBuildFile; fileRef = 6270B7B8256265DC00C382E5 /* MapViewController.swift */; };
		6270B7BF256265DC00C382E5 /* ParagraphinfoTable.swift in Sources */ = {isa = PBXBuildFile; fileRef = 6270B7B9256265DC00C382E5 /* ParagraphinfoTable.swift */; };
		6270B7C0256265DC00C382E5 /* MoneyInsert.storyboard in Resources */ = {isa = PBXBuildFile; fileRef = 6270B7BA256265DC00C382E5 /* MoneyInsert.storyboard */; };
		6270B7C1256265DC00C382E5 /* Support.storyboard in Resources */ = {isa = PBXBuildFile; fileRef = 6270B7BB256265DC00C382E5 /* Support.storyboard */; };
		6270B7C2256265DC00C382E5 /* SupportViewController.swift in Sources */ = {isa = PBXBuildFile; fileRef = 6270B7BC256265DC00C382E5 /* SupportViewController.swift */; };
		6270B7C6256265ED00C382E5 /* ja.lproj in Resources */ = {isa = PBXBuildFile; fileRef = 6270B7C5256265ED00C382E5 /* ja.lproj */; };
		B45CBE103C7146401154A50A /* Pods_driveRecordIOS.framework in Frameworks */ = {isa = PBXBuildFile; fileRef = EFD19EB8B8E775FB1A8FA023 /* Pods_driveRecordIOS.framework */; };
/* End PBXBuildFile section */

/* Begin PBXContainerItemProxy section */
		6270B7282562608200C382E5 /* PBXContainerItemProxy */ = {
			isa = PBXContainerItemProxy;
			containerPortal = 6270B7092562607F00C382E5 /* Project object */;
			proxyType = 1;
			remoteGlobalIDString = 6270B7102562608000C382E5;
			remoteInfo = driveRecordIOS;
		};
		6270B7332562608200C382E5 /* PBXContainerItemProxy */ = {
			isa = PBXContainerItemProxy;
			containerPortal = 6270B7092562607F00C382E5 /* Project object */;
			proxyType = 1;
			remoteGlobalIDString = 6270B7102562608000C382E5;
			remoteInfo = driveRecordIOS;
		};
/* End PBXContainerItemProxy section */

/* Begin PBXCopyFilesBuildPhase section */
		6270B77A256263D200C382E5 /* Embed Frameworks */ = {
			isa = PBXCopyFilesBuildPhase;
			buildActionMask = 2147483647;
			dstPath = "";
			dstSubfolderSpec = 10;
			files = (
			);
			name = "Embed Frameworks";
			runOnlyForDeploymentPostprocessing = 0;
		};
/* End PBXCopyFilesBuildPhase section */

/* Begin PBXFileReference section */
		147375A2E51323DA608EA12B /* Pods-driveRecordIOSTests.debug.xcconfig */ = {isa = PBXFileReference; includeInIndex = 1; lastKnownFileType = text.xcconfig; name = "Pods-driveRecordIOSTests.debug.xcconfig"; path = "Target Support Files/Pods-driveRecordIOSTests/Pods-driveRecordIOSTests.debug.xcconfig"; sourceTree = "<group>"; };
		1F2A232E381C070317150D27 /* Pods_driveRecordIOSTests.framework */ = {isa = PBXFileReference; explicitFileType = wrapper.framework; includeInIndex = 0; path = Pods_driveRecordIOSTests.framework; sourceTree = BUILT_PRODUCTS_DIR; };
		33FF86FE9B11242FA5B864B9 /* Pods-driveRecordIOS.debug.xcconfig */ = {isa = PBXFileReference; includeInIndex = 1; lastKnownFileType = text.xcconfig; name = "Pods-driveRecordIOS.debug.xcconfig"; path = "Target Support Files/Pods-driveRecordIOS/Pods-driveRecordIOS.debug.xcconfig"; sourceTree = "<group>"; };
		3AB242BA51A4BE3280EA7CDE /* Pods-driveRecordIOSTests.release.xcconfig */ = {isa = PBXFileReference; includeInIndex = 1; lastKnownFileType = text.xcconfig; name = "Pods-driveRecordIOSTests.release.xcconfig"; path = "Target Support Files/Pods-driveRecordIOSTests/Pods-driveRecordIOSTests.release.xcconfig"; sourceTree = "<group>"; };
		5B60611F256394490098B8C6 /* GRDB.xcodeproj */ = {isa = PBXFileReference; lastKnownFileType = "wrapper.pb-project"; name = GRDB.xcodeproj; path = "../../../../Downloads/GRDB.swift-master/GRDB.xcodeproj"; sourceTree = "<group>"; };
		6270B7112562608000C382E5 /* driveRecordIOS.app */ = {isa = PBXFileReference; explicitFileType = wrapper.application; includeInIndex = 0; path = driveRecordIOS.app; sourceTree = BUILT_PRODUCTS_DIR; };
		6270B7142562608000C382E5 /* AppDelegate.swift */ = {isa = PBXFileReference; lastKnownFileType = sourcecode.swift; path = AppDelegate.swift; sourceTree = "<group>"; };
		6270B7162562608000C382E5 /* SceneDelegate.swift */ = {isa = PBXFileReference; lastKnownFileType = sourcecode.swift; path = SceneDelegate.swift; sourceTree = "<group>"; };
		6270B7182562608000C382E5 /* ViewController.swift */ = {isa = PBXFileReference; lastKnownFileType = sourcecode.swift; path = ViewController.swift; sourceTree = "<group>"; };
		6270B71B2562608000C382E5 /* Base */ = {isa = PBXFileReference; lastKnownFileType = file.storyboard; name = Base; path = Base.lproj/Main.storyboard; sourceTree = "<group>"; };
		6270B71D2562608100C382E5 /* Assets.xcassets */ = {isa = PBXFileReference; lastKnownFileType = folder.assetcatalog; path = Assets.xcassets; sourceTree = "<group>"; };
		6270B7202562608100C382E5 /* Base */ = {isa = PBXFileReference; lastKnownFileType = file.storyboard; name = Base; path = Base.lproj/LaunchScreen.storyboard; sourceTree = "<group>"; };
		6270B7222562608100C382E5 /* Info.plist */ = {isa = PBXFileReference; lastKnownFileType = text.plist.xml; path = Info.plist; sourceTree = "<group>"; };
		6270B7272562608200C382E5 /* driveRecordIOSTests.xctest */ = {isa = PBXFileReference; explicitFileType = wrapper.cfbundle; includeInIndex = 0; path = driveRecordIOSTests.xctest; sourceTree = BUILT_PRODUCTS_DIR; };
		6270B72B2562608200C382E5 /* driveRecordIOSTests.swift */ = {isa = PBXFileReference; lastKnownFileType = sourcecode.swift; path = driveRecordIOSTests.swift; sourceTree = "<group>"; };
		6270B72D2562608200C382E5 /* Info.plist */ = {isa = PBXFileReference; lastKnownFileType = text.plist.xml; path = Info.plist; sourceTree = "<group>"; };
		6270B7322562608200C382E5 /* driveRecordIOSUITests.xctest */ = {isa = PBXFileReference; explicitFileType = wrapper.cfbundle; includeInIndex = 0; path = driveRecordIOSUITests.xctest; sourceTree = BUILT_PRODUCTS_DIR; };
		6270B7362562608200C382E5 /* driveRecordIOSUITests.swift */ = {isa = PBXFileReference; lastKnownFileType = sourcecode.swift; path = driveRecordIOSUITests.swift; sourceTree = "<group>"; };
		6270B7382562608200C382E5 /* Info.plist */ = {isa = PBXFileReference; lastKnownFileType = text.plist.xml; path = Info.plist; sourceTree = "<group>"; };
		6270B7832562653D00C382E5 /* Base.lproj */ = {isa = PBXFileReference; lastKnownFileType = folder; path = Base.lproj; sourceTree = "<group>"; };
		6270B7872562654A00C382E5 /* cameraViewController.swift */ = {isa = PBXFileReference; fileEncoding = 4; lastKnownFileType = sourcecode.swift; path = cameraViewController.swift; sourceTree = "<group>"; };
		6270B78B2562655600C382E5 /* Convention ViewControlle.swift */ = {isa = PBXFileReference; fileEncoding = 4; lastKnownFileType = sourcecode.swift; path = "Convention ViewControlle.swift"; sourceTree = "<group>"; };
		6270B78F2562655F00C382E5 /* DatabaseHelper.swift */ = {isa = PBXFileReference; fileEncoding = 4; lastKnownFileType = sourcecode.swift; path = DatabaseHelper.swift; sourceTree = "<group>"; };
		6270B7932562656600C382E5 /* FolderCreate.storyboard */ = {isa = PBXFileReference; fileEncoding = 4; lastKnownFileType = file.storyboard; path = FolderCreate.storyboard; sourceTree = "<group>"; };
		6270B7972562656F00C382E5 /* folderCreateViewController.swift */ = {isa = PBXFileReference; fileEncoding = 4; lastKnownFileType = sourcecode.swift; path = folderCreateViewController.swift; sourceTree = "<group>"; };
		6270B79B2562658B00C382E5 /* FolderDetail.storyboard */ = {isa = PBXFileReference; fileEncoding = 4; lastKnownFileType = file.storyboard; path = FolderDetail.storyboard; sourceTree = "<group>"; };
		6270B79F2562659400C382E5 /* FolderDetailViewContorller.swift */ = {isa = PBXFileReference; fileEncoding = 4; lastKnownFileType = sourcecode.swift; path = FolderDetailViewContorller.swift; sourceTree = "<group>"; };
		6270B7A32562659D00C382E5 /* FolderinfoTable.swift */ = {isa = PBXFileReference; fileEncoding = 4; lastKnownFileType = sourcecode.swift; path = FolderinfoTable.swift; sourceTree = "<group>"; };
		6270B7A7256265A600C382E5 /* folderList.storyboard */ = {isa = PBXFileReference; fileEncoding = 4; lastKnownFileType = file.storyboard; path = folderList.storyboard; sourceTree = "<group>"; };
		6270B7AB256265AD00C382E5 /* FolderList2.swift */ = {isa = PBXFileReference; fileEncoding = 4; lastKnownFileType = sourcecode.swift; path = FolderList2.swift; sourceTree = "<group>"; };
		6270B7AF256265BD00C382E5 /* folderList2Storyboard.storyboard */ = {isa = PBXFileReference; fileEncoding = 4; lastKnownFileType = file.storyboard; path = folderList2Storyboard.storyboard; sourceTree = "<group>"; };
		6270B7B3256265C900C382E5 /* Map.storyboard */ = {isa = PBXFileReference; fileEncoding = 4; lastKnownFileType = file.storyboard; path = Map.storyboard; sourceTree = "<group>"; };
		6270B7B7256265DC00C382E5 /* MoneyInsertViewController.swift */ = {isa = PBXFileReference; fileEncoding = 4; lastKnownFileType = sourcecode.swift; path = MoneyInsertViewController.swift; sourceTree = "<group>"; };
		6270B7B8256265DC00C382E5 /* MapViewController.swift */ = {isa = PBXFileReference; fileEncoding = 4; lastKnownFileType = sourcecode.swift; path = MapViewController.swift; sourceTree = "<group>"; };
		6270B7B9256265DC00C382E5 /* ParagraphinfoTable.swift */ = {isa = PBXFileReference; fileEncoding = 4; lastKnownFileType = sourcecode.swift; path = ParagraphinfoTable.swift; sourceTree = "<group>"; };
		6270B7BA256265DC00C382E5 /* MoneyInsert.storyboard */ = {isa = PBXFileReference; fileEncoding = 4; lastKnownFileType = file.storyboard; path = MoneyInsert.storyboard; sourceTree = "<group>"; };
		6270B7BB256265DC00C382E5 /* Support.storyboard */ = {isa = PBXFileReference; fileEncoding = 4; lastKnownFileType = file.storyboard; path = Support.storyboard; sourceTree = "<group>"; };
		6270B7BC256265DC00C382E5 /* SupportViewController.swift */ = {isa = PBXFileReference; fileEncoding = 4; lastKnownFileType = sourcecode.swift; path = SupportViewController.swift; sourceTree = "<group>"; };
		6270B7C5256265ED00C382E5 /* ja.lproj */ = {isa = PBXFileReference; lastKnownFileType = folder; path = ja.lproj; sourceTree = "<group>"; };
		71BBFD582334773D4E8F0ED1 /* Pods-driveRecordIOS.release.xcconfig */ = {isa = PBXFileReference; includeInIndex = 1; lastKnownFileType = text.xcconfig; name = "Pods-driveRecordIOS.release.xcconfig"; path = "Target Support Files/Pods-driveRecordIOS/Pods-driveRecordIOS.release.xcconfig"; sourceTree = "<group>"; };
		81FEE5BCD588F8A2AD09A343 /* Pods-driveRecordIOS-driveRecordIOSUITests.debug.xcconfig */ = {isa = PBXFileReference; includeInIndex = 1; lastKnownFileType = text.xcconfig; name = "Pods-driveRecordIOS-driveRecordIOSUITests.debug.xcconfig"; path = "Target Support Files/Pods-driveRecordIOS-driveRecordIOSUITests/Pods-driveRecordIOS-driveRecordIOSUITests.debug.xcconfig"; sourceTree = "<group>"; };
		DECE209E179DA565B243E33E /* Pods-driveRecordIOS-driveRecordIOSUITests.release.xcconfig */ = {isa = PBXFileReference; includeInIndex = 1; lastKnownFileType = text.xcconfig; name = "Pods-driveRecordIOS-driveRecordIOSUITests.release.xcconfig"; path = "Target Support Files/Pods-driveRecordIOS-driveRecordIOSUITests/Pods-driveRecordIOS-driveRecordIOSUITests.release.xcconfig"; sourceTree = "<group>"; };
		E1F5DF1C6D779E265CA6648F /* Pods_driveRecordIOS_driveRecordIOSUITests.framework */ = {isa = PBXFileReference; explicitFileType = wrapper.framework; includeInIndex = 0; path = Pods_driveRecordIOS_driveRecordIOSUITests.framework; sourceTree = BUILT_PRODUCTS_DIR; };
		EFD19EB8B8E775FB1A8FA023 /* Pods_driveRecordIOS.framework */ = {isa = PBXFileReference; explicitFileType = wrapper.framework; includeInIndex = 0; path = Pods_driveRecordIOS.framework; sourceTree = BUILT_PRODUCTS_DIR; };
/* End PBXFileReference section */

/* Begin PBXFrameworksBuildPhase section */
		6270B70E2562608000C382E5 /* Frameworks */ = {
			isa = PBXFrameworksBuildPhase;
			buildActionMask = 2147483647;
			files = (
				B45CBE103C7146401154A50A /* Pods_driveRecordIOS.framework in Frameworks */,
			);
			runOnlyForDeploymentPostprocessing = 0;
		};
		6270B7242562608100C382E5 /* Frameworks */ = {
			isa = PBXFrameworksBuildPhase;
			buildActionMask = 2147483647;
			files = (
				39417800D58722B4039C7728 /* Pods_driveRecordIOSTests.framework in Frameworks */,
			);
			runOnlyForDeploymentPostprocessing = 0;
		};
		6270B72F2562608200C382E5 /* Frameworks */ = {
			isa = PBXFrameworksBuildPhase;
			buildActionMask = 2147483647;
			files = (
				5C7E04EF6A04B67DBE74EE88 /* Pods_driveRecordIOS_driveRecordIOSUITests.framework in Frameworks */,
			);
			runOnlyForDeploymentPostprocessing = 0;
		};
/* End PBXFrameworksBuildPhase section */

/* Begin PBXGroup section */
		1C05564419FE1DBEEBE233C2 /* Pods */ = {
			isa = PBXGroup;
			children = (
				33FF86FE9B11242FA5B864B9 /* Pods-driveRecordIOS.debug.xcconfig */,
				71BBFD582334773D4E8F0ED1 /* Pods-driveRecordIOS.release.xcconfig */,
				81FEE5BCD588F8A2AD09A343 /* Pods-driveRecordIOS-driveRecordIOSUITests.debug.xcconfig */,
				DECE209E179DA565B243E33E /* Pods-driveRecordIOS-driveRecordIOSUITests.release.xcconfig */,
				147375A2E51323DA608EA12B /* Pods-driveRecordIOSTests.debug.xcconfig */,
				3AB242BA51A4BE3280EA7CDE /* Pods-driveRecordIOSTests.release.xcconfig */,
			);
			path = Pods;
			sourceTree = "<group>";
		};
		6270B7082562607F00C382E5 = {
			isa = PBXGroup;
			children = (
				6270B7132562608000C382E5 /* driveRecordIOS */,
				6270B72A2562608200C382E5 /* driveRecordIOSTests */,
				6270B7352562608200C382E5 /* driveRecordIOSUITests */,
				6270B7122562608000C382E5 /* Products */,
				1C05564419FE1DBEEBE233C2 /* Pods */,
				7E41A9B5A40B978D2D0C926E /* Frameworks */,
			);
			sourceTree = "<group>";
		};
		6270B7122562608000C382E5 /* Products */ = {
			isa = PBXGroup;
			children = (
				6270B7112562608000C382E5 /* driveRecordIOS.app */,
				6270B7272562608200C382E5 /* driveRecordIOSTests.xctest */,
				6270B7322562608200C382E5 /* driveRecordIOSUITests.xctest */,
			);
			name = Products;
			sourceTree = "<group>";
		};
		6270B7132562608000C382E5 /* driveRecordIOS */ = {
			isa = PBXGroup;
			children = (
				5B60611F256394490098B8C6 /* GRDB.xcodeproj */,
				6270B7C5256265ED00C382E5 /* ja.lproj */,
				6270B7B8256265DC00C382E5 /* MapViewController.swift */,
				6270B7BA256265DC00C382E5 /* MoneyInsert.storyboard */,
				6270B7B7256265DC00C382E5 /* MoneyInsertViewController.swift */,
				6270B7B9256265DC00C382E5 /* ParagraphinfoTable.swift */,
				6270B7BB256265DC00C382E5 /* Support.storyboard */,
				6270B7BC256265DC00C382E5 /* SupportViewController.swift */,
				6270B7B3256265C900C382E5 /* Map.storyboard */,
				6270B7AF256265BD00C382E5 /* folderList2Storyboard.storyboard */,
				6270B7AB256265AD00C382E5 /* FolderList2.swift */,
				6270B7A7256265A600C382E5 /* folderList.storyboard */,
				6270B7A32562659D00C382E5 /* FolderinfoTable.swift */,
				6270B79F2562659400C382E5 /* FolderDetailViewContorller.swift */,
				6270B79B2562658B00C382E5 /* FolderDetail.storyboard */,
				6270B7972562656F00C382E5 /* folderCreateViewController.swift */,
				6270B7932562656600C382E5 /* FolderCreate.storyboard */,
				6270B78F2562655F00C382E5 /* DatabaseHelper.swift */,
				6270B78B2562655600C382E5 /* Convention ViewControlle.swift */,
				6270B7872562654A00C382E5 /* cameraViewController.swift */,
				6270B7832562653D00C382E5 /* Base.lproj */,
				6270B7142562608000C382E5 /* AppDelegate.swift */,
				6270B7162562608000C382E5 /* SceneDelegate.swift */,
				6270B7182562608000C382E5 /* ViewController.swift */,
				6270B71A2562608000C382E5 /* Main.storyboard */,
				6270B71D2562608100C382E5 /* Assets.xcassets */,
				6270B71F2562608100C382E5 /* LaunchScreen.storyboard */,
				6270B7222562608100C382E5 /* Info.plist */,
			);
			path = driveRecordIOS;
			sourceTree = "<group>";
		};
		6270B72A2562608200C382E5 /* driveRecordIOSTests */ = {
			isa = PBXGroup;
			children = (
				6270B72B2562608200C382E5 /* driveRecordIOSTests.swift */,
				6270B72D2562608200C382E5 /* Info.plist */,
			);
			path = driveRecordIOSTests;
			sourceTree = "<group>";
		};
		6270B7352562608200C382E5 /* driveRecordIOSUITests */ = {
			isa = PBXGroup;
			children = (
				6270B7362562608200C382E5 /* driveRecordIOSUITests.swift */,
				6270B7382562608200C382E5 /* Info.plist */,
			);
			path = driveRecordIOSUITests;
			sourceTree = "<group>";
		};
		7E41A9B5A40B978D2D0C926E /* Frameworks */ = {
			isa = PBXGroup;
			children = (
				EFD19EB8B8E775FB1A8FA023 /* Pods_driveRecordIOS.framework */,
				E1F5DF1C6D779E265CA6648F /* Pods_driveRecordIOS_driveRecordIOSUITests.framework */,
				1F2A232E381C070317150D27 /* Pods_driveRecordIOSTests.framework */,
			);
			name = Frameworks;
			sourceTree = "<group>";
		};
/* End PBXGroup section */

/* Begin PBXNativeTarget section */
		6270B7102562608000C382E5 /* driveRecordIOS */ = {
			isa = PBXNativeTarget;
			buildConfigurationList = 6270B73B2562608200C382E5 /* Build configuration list for PBXNativeTarget "driveRecordIOS" */;
			buildPhases = (
				761E4C6960E2B10444898DEB /* [CP] Check Pods Manifest.lock */,
				6270B70D2562608000C382E5 /* Sources */,
				6270B70E2562608000C382E5 /* Frameworks */,
				6270B70F2562608000C382E5 /* Resources */,
				E0472CB587C10EA185422298 /* [CP] Copy Pods Resources */,
				6270B77A256263D200C382E5 /* Embed Frameworks */,
			);
			buildRules = (
			);
			dependencies = (
			);
			name = driveRecordIOS;
			productName = driveRecordIOS;
			productReference = 6270B7112562608000C382E5 /* driveRecordIOS.app */;
			productType = "com.apple.product-type.application";
		};
		6270B7262562608100C382E5 /* driveRecordIOSTests */ = {
			isa = PBXNativeTarget;
			buildConfigurationList = 6270B73E2562608200C382E5 /* Build configuration list for PBXNativeTarget "driveRecordIOSTests" */;
			buildPhases = (
				AFA88C4C312348BD537F3017 /* [CP] Check Pods Manifest.lock */,
				6270B7232562608100C382E5 /* Sources */,
				6270B7242562608100C382E5 /* Frameworks */,
				6270B7252562608100C382E5 /* Resources */,
			);
			buildRules = (
			);
			dependencies = (
				6270B7292562608200C382E5 /* PBXTargetDependency */,
			);
			name = driveRecordIOSTests;
			productName = driveRecordIOSTests;
			productReference = 6270B7272562608200C382E5 /* driveRecordIOSTests.xctest */;
			productType = "com.apple.product-type.bundle.unit-test";
		};
		6270B7312562608200C382E5 /* driveRecordIOSUITests */ = {
			isa = PBXNativeTarget;
			buildConfigurationList = 6270B7412562608200C382E5 /* Build configuration list for PBXNativeTarget "driveRecordIOSUITests" */;
			buildPhases = (
				666BABECB258A6EB111F27CA /* [CP] Check Pods Manifest.lock */,
				6270B72E2562608200C382E5 /* Sources */,
				6270B72F2562608200C382E5 /* Frameworks */,
				6270B7302562608200C382E5 /* Resources */,
				F84D0367454B55547A9D09E1 /* [CP] Copy Pods Resources */,
			);
			buildRules = (
			);
			dependencies = (
				6270B7342562608200C382E5 /* PBXTargetDependency */,
			);
			name = driveRecordIOSUITests;
			productName = driveRecordIOSUITests;
			productReference = 6270B7322562608200C382E5 /* driveRecordIOSUITests.xctest */;
			productType = "com.apple.product-type.bundle.ui-testing";
		};
/* End PBXNativeTarget section */

/* Begin PBXProject section */
		6270B7092562607F00C382E5 /* Project object */ = {
			isa = PBXProject;
			attributes = {
				LastSwiftUpdateCheck = 1220;
				LastUpgradeCheck = 1220;
				TargetAttributes = {
					6270B7102562608000C382E5 = {
						CreatedOnToolsVersion = 12.2;
					};
					6270B7262562608100C382E5 = {
						CreatedOnToolsVersion = 12.2;
						TestTargetID = 6270B7102562608000C382E5;
					};
					6270B7312562608200C382E5 = {
						CreatedOnToolsVersion = 12.2;
						TestTargetID = 6270B7102562608000C382E5;
					};
				};
			};
			buildConfigurationList = 6270B70C2562607F00C382E5 /* Build configuration list for PBXProject "driveRecordIOS" */;
			compatibilityVersion = "Xcode 9.3";
			developmentRegion = en;
			hasScannedForEncodings = 0;
			knownRegions = (
				en,
				Base,
			);
			mainGroup = 6270B7082562607F00C382E5;
			productRefGroup = 6270B7122562608000C382E5 /* Products */;
			projectDirPath = "";
			projectRoot = "";
			targets = (
				6270B7102562608000C382E5 /* driveRecordIOS */,
				6270B7262562608100C382E5 /* driveRecordIOSTests */,
				6270B7312562608200C382E5 /* driveRecordIOSUITests */,
			);
		};
/* End PBXProject section */

/* Begin PBXResourcesBuildPhase section */
		6270B70F2562608000C382E5 /* Resources */ = {
			isa = PBXResourcesBuildPhase;
			buildActionMask = 2147483647;
			files = (
				6270B7942562656600C382E5 /* FolderCreate.storyboard in Resources */,
				6270B7212562608100C382E5 /* LaunchScreen.storyboard in Resources */,
				6270B7C1256265DC00C382E5 /* Support.storyboard in Resources */,
				6270B7B4256265C900C382E5 /* Map.storyboard in Resources */,
				6270B7C6256265ED00C382E5 /* ja.lproj in Resources */,
				6270B71E2562608100C382E5 /* Assets.xcassets in Resources */,
				6270B79C2562658B00C382E5 /* FolderDetail.storyboard in Resources */,
				6270B7B0256265BD00C382E5 /* folderList2Storyboard.storyboard in Resources */,
				6270B7C0256265DC00C382E5 /* MoneyInsert.storyboard in Resources */,
				6270B7842562653D00C382E5 /* Base.lproj in Resources */,
				6270B71C2562608000C382E5 /* Main.storyboard in Resources */,
				6270B7A8256265A600C382E5 /* folderList.storyboard in Resources */,
			);
			runOnlyForDeploymentPostprocessing = 0;
		};
		6270B7252562608100C382E5 /* Resources */ = {
			isa = PBXResourcesBuildPhase;
			buildActionMask = 2147483647;
			files = (
			);
			runOnlyForDeploymentPostprocessing = 0;
		};
		6270B7302562608200C382E5 /* Resources */ = {
			isa = PBXResourcesBuildPhase;
			buildActionMask = 2147483647;
			files = (
			);
			runOnlyForDeploymentPostprocessing = 0;
		};
/* End PBXResourcesBuildPhase section */

/* Begin PBXShellScriptBuildPhase section */
		666BABECB258A6EB111F27CA /* [CP] Check Pods Manifest.lock */ = {
			isa = PBXShellScriptBuildPhase;
			buildActionMask = 2147483647;
			files = (
			);
			inputFileListPaths = (
			);
			inputPaths = (
				"${PODS_PODFILE_DIR_PATH}/Podfile.lock",
				"${PODS_ROOT}/Manifest.lock",
			);
			name = "[CP] Check Pods Manifest.lock";
			outputFileListPaths = (
			);
			outputPaths = (
				"$(DERIVED_FILE_DIR)/Pods-driveRecordIOS-driveRecordIOSUITests-checkManifestLockResult.txt",
			);
			runOnlyForDeploymentPostprocessing = 0;
			shellPath = /bin/sh;
			shellScript = "diff \"${PODS_PODFILE_DIR_PATH}/Podfile.lock\" \"${PODS_ROOT}/Manifest.lock\" > /dev/null\nif [ $? != 0 ] ; then\n    # print error to STDERR\n    echo \"error: The sandbox is not in sync with the Podfile.lock. Run 'pod install' or update your CocoaPods installation.\" >&2\n    exit 1\nfi\n# This output is used by Xcode 'outputs' to avoid re-running this script phase.\necho \"SUCCESS\" > \"${SCRIPT_OUTPUT_FILE_0}\"\n";
			showEnvVarsInLog = 0;
		};
		761E4C6960E2B10444898DEB /* [CP] Check Pods Manifest.lock */ = {
			isa = PBXShellScriptBuildPhase;
			buildActionMask = 2147483647;
			files = (
			);
			inputFileListPaths = (
			);
			inputPaths = (
				"${PODS_PODFILE_DIR_PATH}/Podfile.lock",
				"${PODS_ROOT}/Manifest.lock",
			);
			name = "[CP] Check Pods Manifest.lock";
			outputFileListPaths = (
			);
			outputPaths = (
				"$(DERIVED_FILE_DIR)/Pods-driveRecordIOS-checkManifestLockResult.txt",
			);
			runOnlyForDeploymentPostprocessing = 0;
			shellPath = /bin/sh;
			shellScript = "diff \"${PODS_PODFILE_DIR_PATH}/Podfile.lock\" \"${PODS_ROOT}/Manifest.lock\" > /dev/null\nif [ $? != 0 ] ; then\n    # print error to STDERR\n    echo \"error: The sandbox is not in sync with the Podfile.lock. Run 'pod install' or update your CocoaPods installation.\" >&2\n    exit 1\nfi\n# This output is used by Xcode 'outputs' to avoid re-running this script phase.\necho \"SUCCESS\" > \"${SCRIPT_OUTPUT_FILE_0}\"\n";
			showEnvVarsInLog = 0;
		};
		AFA88C4C312348BD537F3017 /* [CP] Check Pods Manifest.lock */ = {
			isa = PBXShellScriptBuildPhase;
			buildActionMask = 2147483647;
			files = (
			);
			inputFileListPaths = (
			);
			inputPaths = (
				"${PODS_PODFILE_DIR_PATH}/Podfile.lock",
				"${PODS_ROOT}/Manifest.lock",
			);
			name = "[CP] Check Pods Manifest.lock";
			outputFileListPaths = (
			);
			outputPaths = (
				"$(DERIVED_FILE_DIR)/Pods-driveRecordIOSTests-checkManifestLockResult.txt",
			);
			runOnlyForDeploymentPostprocessing = 0;
			shellPath = /bin/sh;
			shellScript = "diff \"${PODS_PODFILE_DIR_PATH}/Podfile.lock\" \"${PODS_ROOT}/Manifest.lock\" > /dev/null\nif [ $? != 0 ] ; then\n    # print error to STDERR\n    echo \"error: The sandbox is not in sync with the Podfile.lock. Run 'pod install' or update your CocoaPods installation.\" >&2\n    exit 1\nfi\n# This output is used by Xcode 'outputs' to avoid re-running this script phase.\necho \"SUCCESS\" > \"${SCRIPT_OUTPUT_FILE_0}\"\n";
			showEnvVarsInLog = 0;
		};
		E0472CB587C10EA185422298 /* [CP] Copy Pods Resources */ = {
			isa = PBXShellScriptBuildPhase;
			buildActionMask = 2147483647;
			files = (
			);
			inputFileListPaths = (
				"${PODS_ROOT}/Target Support Files/Pods-driveRecordIOS/Pods-driveRecordIOS-resources-${CONFIGURATION}-input-files.xcfilelist",
			);
			name = "[CP] Copy Pods Resources";
			outputFileListPaths = (
				"${PODS_ROOT}/Target Support Files/Pods-driveRecordIOS/Pods-driveRecordIOS-resources-${CONFIGURATION}-output-files.xcfilelist",
			);
			runOnlyForDeploymentPostprocessing = 0;
			shellPath = /bin/sh;
			shellScript = "\"${PODS_ROOT}/Target Support Files/Pods-driveRecordIOS/Pods-driveRecordIOS-resources.sh\"\n";
			showEnvVarsInLog = 0;
		};
		F84D0367454B55547A9D09E1 /* [CP] Copy Pods Resources */ = {
			isa = PBXShellScriptBuildPhase;
			buildActionMask = 2147483647;
			files = (
			);
			inputFileListPaths = (
				"${PODS_ROOT}/Target Support Files/Pods-driveRecordIOS-driveRecordIOSUITests/Pods-driveRecordIOS-driveRecordIOSUITests-resources-${CONFIGURATION}-input-files.xcfilelist",
			);
			name = "[CP] Copy Pods Resources";
			outputFileListPaths = (
				"${PODS_ROOT}/Target Support Files/Pods-driveRecordIOS-driveRecordIOSUITests/Pods-driveRecordIOS-driveRecordIOSUITests-resources-${CONFIGURATION}-output-files.xcfilelist",
			);
			runOnlyForDeploymentPostprocessing = 0;
			shellPath = /bin/sh;
			shellScript = "\"${PODS_ROOT}/Target Support Files/Pods-driveRecordIOS-driveRecordIOSUITests/Pods-driveRecordIOS-driveRecordIOSUITests-resources.sh\"\n";
			showEnvVarsInLog = 0;
		};
/* End PBXShellScriptBuildPhase section */

/* Begin PBXSourcesBuildPhase section */
		6270B70D2562608000C382E5 /* Sources */ = {
			isa = PBXSourcesBuildPhase;
			buildActionMask = 2147483647;
			files = (
				6270B7192562608000C382E5 /* ViewController.swift in Sources */,
				6270B78C2562655600C382E5 /* Convention ViewControlle.swift in Sources */,
				6270B7AC256265AD00C382E5 /* FolderList2.swift in Sources */,
				6270B7BF256265DC00C382E5 /* ParagraphinfoTable.swift in Sources */,
				6270B7A02562659400C382E5 /* FolderDetailViewContorller.swift in Sources */,
				6270B7BD256265DC00C382E5 /* MoneyInsertViewController.swift in Sources */,
				6270B7C2256265DC00C382E5 /* SupportViewController.swift in Sources */,
				6270B7882562654A00C382E5 /* cameraViewController.swift in Sources */,
				6270B7A42562659D00C382E5 /* FolderinfoTable.swift in Sources */,
				6270B7BE256265DC00C382E5 /* MapViewController.swift in Sources */,
				6270B7152562608000C382E5 /* AppDelegate.swift in Sources */,
				6270B7982562656F00C382E5 /* folderCreateViewController.swift in Sources */,
				6270B7902562655F00C382E5 /* DatabaseHelper.swift in Sources */,
				6270B7172562608000C382E5 /* SceneDelegate.swift in Sources */,
			);
			runOnlyForDeploymentPostprocessing = 0;
		};
		6270B7232562608100C382E5 /* Sources */ = {
			isa = PBXSourcesBuildPhase;
			buildActionMask = 2147483647;
			files = (
				6270B72C2562608200C382E5 /* driveRecordIOSTests.swift in Sources */,
			);
			runOnlyForDeploymentPostprocessing = 0;
		};
		6270B72E2562608200C382E5 /* Sources */ = {
			isa = PBXSourcesBuildPhase;
			buildActionMask = 2147483647;
			files = (
				6270B7372562608200C382E5 /* driveRecordIOSUITests.swift in Sources */,
			);
			runOnlyForDeploymentPostprocessing = 0;
		};
/* End PBXSourcesBuildPhase section */

/* Begin PBXTargetDependency section */
		6270B7292562608200C382E5 /* PBXTargetDependency */ = {
			isa = PBXTargetDependency;
			target = 6270B7102562608000C382E5 /* driveRecordIOS */;
			targetProxy = 6270B7282562608200C382E5 /* PBXContainerItemProxy */;
		};
		6270B7342562608200C382E5 /* PBXTargetDependency */ = {
			isa = PBXTargetDependency;
			target = 6270B7102562608000C382E5 /* driveRecordIOS */;
			targetProxy = 6270B7332562608200C382E5 /* PBXContainerItemProxy */;
		};
/* End PBXTargetDependency section */

/* Begin PBXVariantGroup section */
		6270B71A2562608000C382E5 /* Main.storyboard */ = {
			isa = PBXVariantGroup;
			children = (
				6270B71B2562608000C382E5 /* Base */,
			);
			name = Main.storyboard;
			sourceTree = "<group>";
		};
		6270B71F2562608100C382E5 /* LaunchScreen.storyboard */ = {
			isa = PBXVariantGroup;
			children = (
				6270B7202562608100C382E5 /* Base */,
			);
			name = LaunchScreen.storyboard;
			sourceTree = "<group>";
		};
/* End PBXVariantGroup section */

/* Begin XCBuildConfiguration section */
		6270B7392562608200C382E5 /* Debug */ = {
			isa = XCBuildConfiguration;
			buildSettings = {
				ALWAYS_SEARCH_USER_PATHS = NO;
				CLANG_ANALYZER_NONNULL = YES;
				CLANG_ANALYZER_NUMBER_OBJECT_CONVERSION = YES_AGGRESSIVE;
				CLANG_CXX_LANGUAGE_STANDARD = "gnu++14";
				CLANG_CXX_LIBRARY = "libc++";
				CLANG_ENABLE_MODULES = YES;
				CLANG_ENABLE_OBJC_ARC = YES;
				CLANG_ENABLE_OBJC_WEAK = YES;
				CLANG_WARN_BLOCK_CAPTURE_AUTORELEASING = YES;
				CLANG_WARN_BOOL_CONVERSION = YES;
				CLANG_WARN_COMMA = YES;
				CLANG_WARN_CONSTANT_CONVERSION = YES;
				CLANG_WARN_DEPRECATED_OBJC_IMPLEMENTATIONS = YES;
				CLANG_WARN_DIRECT_OBJC_ISA_USAGE = YES_ERROR;
				CLANG_WARN_DOCUMENTATION_COMMENTS = YES;
				CLANG_WARN_EMPTY_BODY = YES;
				CLANG_WARN_ENUM_CONVERSION = YES;
				CLANG_WARN_INFINITE_RECURSION = YES;
				CLANG_WARN_INT_CONVERSION = YES;
				CLANG_WARN_NON_LITERAL_NULL_CONVERSION = YES;
				CLANG_WARN_OBJC_IMPLICIT_RETAIN_SELF = YES;
				CLANG_WARN_OBJC_LITERAL_CONVERSION = YES;
				CLANG_WARN_OBJC_ROOT_CLASS = YES_ERROR;
				CLANG_WARN_QUOTED_INCLUDE_IN_FRAMEWORK_HEADER = YES;
				CLANG_WARN_RANGE_LOOP_ANALYSIS = YES;
				CLANG_WARN_STRICT_PROTOTYPES = YES;
				CLANG_WARN_SUSPICIOUS_MOVE = YES;
				CLANG_WARN_UNGUARDED_AVAILABILITY = YES_AGGRESSIVE;
				CLANG_WARN_UNREACHABLE_CODE = YES;
				CLANG_WARN__DUPLICATE_METHOD_MATCH = YES;
				COPY_PHASE_STRIP = NO;
				DEBUG_INFORMATION_FORMAT = dwarf;
				ENABLE_STRICT_OBJC_MSGSEND = YES;
				ENABLE_TESTABILITY = YES;
				GCC_C_LANGUAGE_STANDARD = gnu11;
				GCC_DYNAMIC_NO_PIC = NO;
				GCC_NO_COMMON_BLOCKS = YES;
				GCC_OPTIMIZATION_LEVEL = 0;
				GCC_PREPROCESSOR_DEFINITIONS = (
					"DEBUG=1",
					"$(inherited)",
				);
				GCC_WARN_64_TO_32_BIT_CONVERSION = YES;
				GCC_WARN_ABOUT_RETURN_TYPE = YES_ERROR;
				GCC_WARN_UNDECLARED_SELECTOR = YES;
				GCC_WARN_UNINITIALIZED_AUTOS = YES_AGGRESSIVE;
				GCC_WARN_UNUSED_FUNCTION = YES;
				GCC_WARN_UNUSED_VARIABLE = YES;
				IPHONEOS_DEPLOYMENT_TARGET = 14.2;
				MTL_ENABLE_DEBUG_INFO = INCLUDE_SOURCE;
				MTL_FAST_MATH = YES;
				ONLY_ACTIVE_ARCH = YES;
				SDKROOT = iphoneos;
				SWIFT_ACTIVE_COMPILATION_CONDITIONS = DEBUG;
				SWIFT_OPTIMIZATION_LEVEL = "-Onone";
			};
			name = Debug;
		};
		6270B73A2562608200C382E5 /* Release */ = {
			isa = XCBuildConfiguration;
			buildSettings = {
				ALWAYS_SEARCH_USER_PATHS = NO;
				CLANG_ANALYZER_NONNULL = YES;
				CLANG_ANALYZER_NUMBER_OBJECT_CONVERSION = YES_AGGRESSIVE;
				CLANG_CXX_LANGUAGE_STANDARD = "gnu++14";
				CLANG_CXX_LIBRARY = "libc++";
				CLANG_ENABLE_MODULES = YES;
				CLANG_ENABLE_OBJC_ARC = YES;
				CLANG_ENABLE_OBJC_WEAK = YES;
				CLANG_WARN_BLOCK_CAPTURE_AUTORELEASING = YES;
				CLANG_WARN_BOOL_CONVERSION = YES;
				CLANG_WARN_COMMA = YES;
				CLANG_WARN_CONSTANT_CONVERSION = YES;
				CLANG_WARN_DEPRECATED_OBJC_IMPLEMENTATIONS = YES;
				CLANG_WARN_DIRECT_OBJC_ISA_USAGE = YES_ERROR;
				CLANG_WARN_DOCUMENTATION_COMMENTS = YES;
				CLANG_WARN_EMPTY_BODY = YES;
				CLANG_WARN_ENUM_CONVERSION = YES;
				CLANG_WARN_INFINITE_RECURSION = YES;
				CLANG_WARN_INT_CONVERSION = YES;
				CLANG_WARN_NON_LITERAL_NULL_CONVERSION = YES;
				CLANG_WARN_OBJC_IMPLICIT_RETAIN_SELF = YES;
				CLANG_WARN_OBJC_LITERAL_CONVERSION = YES;
				CLANG_WARN_OBJC_ROOT_CLASS = YES_ERROR;
				CLANG_WARN_QUOTED_INCLUDE_IN_FRAMEWORK_HEADER = YES;
				CLANG_WARN_RANGE_LOOP_ANALYSIS = YES;
				CLANG_WARN_STRICT_PROTOTYPES = YES;
				CLANG_WARN_SUSPICIOUS_MOVE = YES;
				CLANG_WARN_UNGUARDED_AVAILABILITY = YES_AGGRESSIVE;
				CLANG_WARN_UNREACHABLE_CODE = YES;
				CLANG_WARN__DUPLICATE_METHOD_MATCH = YES;
				COPY_PHASE_STRIP = NO;
				DEBUG_INFORMATION_FORMAT = "dwarf-with-dsym";
				ENABLE_NS_ASSERTIONS = NO;
				ENABLE_STRICT_OBJC_MSGSEND = YES;
				GCC_C_LANGUAGE_STANDARD = gnu11;
				GCC_NO_COMMON_BLOCKS = YES;
				GCC_WARN_64_TO_32_BIT_CONVERSION = YES;
				GCC_WARN_ABOUT_RETURN_TYPE = YES_ERROR;
				GCC_WARN_UNDECLARED_SELECTOR = YES;
				GCC_WARN_UNINITIALIZED_AUTOS = YES_AGGRESSIVE;
				GCC_WARN_UNUSED_FUNCTION = YES;
				GCC_WARN_UNUSED_VARIABLE = YES;
				IPHONEOS_DEPLOYMENT_TARGET = 14.2;
				MTL_ENABLE_DEBUG_INFO = NO;
				MTL_FAST_MATH = YES;
				SDKROOT = iphoneos;
				SWIFT_COMPILATION_MODE = wholemodule;
				SWIFT_OPTIMIZATION_LEVEL = "-O";
				VALIDATE_PRODUCT = YES;
			};
			name = Release;
		};
		6270B73C2562608200C382E5 /* Debug */ = {
			isa = XCBuildConfiguration;
			baseConfigurationReference = 33FF86FE9B11242FA5B864B9 /* Pods-driveRecordIOS.debug.xcconfig */;
			buildSettings = {
				ASSETCATALOG_COMPILER_APPICON_NAME = AppIcon;
				ASSETCATALOG_COMPILER_GLOBAL_ACCENT_COLOR_NAME = AccentColor;
				CODE_SIGN_STYLE = Automatic;
				DEVELOPMENT_TEAM = 2TB6QF2ZPB;
				INFOPLIST_FILE = driveRecordIOS/Info.plist;
				LD_RUNPATH_SEARCH_PATHS = (
					"$(inherited)",
					"@executable_path/Frameworks",
				);
				PRODUCT_BUNDLE_IDENTIFIER = jp.co.cimtech.driveRecordIOS;
				PRODUCT_NAME = "$(TARGET_NAME)";
				SWIFT_VERSION = 5.0;
				TARGETED_DEVICE_FAMILY = "1,2";
			};
			name = Debug;
		};
		6270B73D2562608200C382E5 /* Release */ = {
			isa = XCBuildConfiguration;
			baseConfigurationReference = 71BBFD582334773D4E8F0ED1 /* Pods-driveRecordIOS.release.xcconfig */;
			buildSettings = {
				ASSETCATALOG_COMPILER_APPICON_NAME = AppIcon;
				ASSETCATALOG_COMPILER_GLOBAL_ACCENT_COLOR_NAME = AccentColor;
				CODE_SIGN_STYLE = Automatic;
				DEVELOPMENT_TEAM = 2TB6QF2ZPB;
				INFOPLIST_FILE = driveRecordIOS/Info.plist;
				LD_RUNPATH_SEARCH_PATHS = (
					"$(inherited)",
					"@executable_path/Frameworks",
				);
				PRODUCT_BUNDLE_IDENTIFIER = jp.co.cimtech.driveRecordIOS;
				PRODUCT_NAME = "$(TARGET_NAME)";
				SWIFT_VERSION = 5.0;
				TARGETED_DEVICE_FAMILY = "1,2";
			};
			name = Release;
		};
		6270B73F2562608200C382E5 /* Debug */ = {
			isa = XCBuildConfiguration;
			baseConfigurationReference = 147375A2E51323DA608EA12B /* Pods-driveRecordIOSTests.debug.xcconfig */;
			buildSettings = {
				ALWAYS_EMBED_SWIFT_STANDARD_LIBRARIES = YES;
				BUNDLE_LOADER = "$(TEST_HOST)";
				CODE_SIGN_STYLE = Automatic;
				DEVELOPMENT_TEAM = 522L38Q54E;
				INFOPLIST_FILE = driveRecordIOSTests/Info.plist;
				IPHONEOS_DEPLOYMENT_TARGET = 14.2;
				LD_RUNPATH_SEARCH_PATHS = (
					"$(inherited)",
					"@executable_path/Frameworks",
					"@loader_path/Frameworks",
				);
				PRODUCT_BUNDLE_IDENTIFIER = jp.co.cimtech.driveRecordIOSTests;
				PRODUCT_NAME = "$(TARGET_NAME)";
				SWIFT_VERSION = 5.0;
				TARGETED_DEVICE_FAMILY = "1,2";
				TEST_HOST = "$(BUILT_PRODUCTS_DIR)/driveRecordIOS.app/driveRecordIOS";
			};
			name = Debug;
		};
		6270B7402562608200C382E5 /* Release */ = {
			isa = XCBuildConfiguration;
			baseConfigurationReference = 3AB242BA51A4BE3280EA7CDE /* Pods-driveRecordIOSTests.release.xcconfig */;
			buildSettings = {
				ALWAYS_EMBED_SWIFT_STANDARD_LIBRARIES = YES;
				BUNDLE_LOADER = "$(TEST_HOST)";
				CODE_SIGN_STYLE = Automatic;
				DEVELOPMENT_TEAM = 522L38Q54E;
				INFOPLIST_FILE = driveRecordIOSTests/Info.plist;
				IPHONEOS_DEPLOYMENT_TARGET = 14.2;
				LD_RUNPATH_SEARCH_PATHS = (
					"$(inherited)",
					"@executable_path/Frameworks",
					"@loader_path/Frameworks",
				);
				PRODUCT_BUNDLE_IDENTIFIER = jp.co.cimtech.driveRecordIOSTests;
				PRODUCT_NAME = "$(TARGET_NAME)";
				SWIFT_VERSION = 5.0;
				TARGETED_DEVICE_FAMILY = "1,2";
				TEST_HOST = "$(BUILT_PRODUCTS_DIR)/driveRecordIOS.app/driveRecordIOS";
			};
			name = Release;
		};
		6270B7422562608200C382E5 /* Debug */ = {
			isa = XCBuildConfiguration;
			baseConfigurationReference = 81FEE5BCD588F8A2AD09A343 /* Pods-driveRecordIOS-driveRecordIOSUITests.debug.xcconfig */;
			buildSettings = {
				ALWAYS_EMBED_SWIFT_STANDARD_LIBRARIES = YES;
				CODE_SIGN_STYLE = Automatic;
				DEVELOPMENT_TEAM = 522L38Q54E;
				INFOPLIST_FILE = driveRecordIOSUITests/Info.plist;
				LD_RUNPATH_SEARCH_PATHS = (
					"$(inherited)",
					"@executable_path/Frameworks",
					"@loader_path/Frameworks",
				);
				PRODUCT_BUNDLE_IDENTIFIER = jp.co.cimtech.driveRecordIOSUITests;
				PRODUCT_NAME = "$(TARGET_NAME)";
				SWIFT_VERSION = 5.0;
				TARGETED_DEVICE_FAMILY = "1,2";
				TEST_TARGET_NAME = driveRecordIOS;
			};
			name = Debug;
		};
		6270B7432562608200C382E5 /* Release */ = {
			isa = XCBuildConfiguration;
			baseConfigurationReference = DECE209E179DA565B243E33E /* Pods-driveRecordIOS-driveRecordIOSUITests.release.xcconfig */;
			buildSettings = {
				ALWAYS_EMBED_SWIFT_STANDARD_LIBRARIES = YES;
				CODE_SIGN_STYLE = Automatic;
				DEVELOPMENT_TEAM = 522L38Q54E;
				INFOPLIST_FILE = driveRecordIOSUITests/Info.plist;
				LD_RUNPATH_SEARCH_PATHS = (
					"$(inherited)",
					"@executable_path/Frameworks",
					"@loader_path/Frameworks",
				);
				PRODUCT_BUNDLE_IDENTIFIER = jp.co.cimtech.driveRecordIOSUITests;
				PRODUCT_NAME = "$(TARGET_NAME)";
				SWIFT_VERSION = 5.0;
				TARGETED_DEVICE_FAMILY = "1,2";
				TEST_TARGET_NAME = driveRecordIOS;
			};
			name = Release;
		};
/* End XCBuildConfiguration section */

/* Begin XCConfigurationList section */
		6270B70C2562607F00C382E5 /* Build configuration list for PBXProject "driveRecordIOS" */ = {
			isa = XCConfigurationList;
			buildConfigurations = (
				6270B7392562608200C382E5 /* Debug */,
				6270B73A2562608200C382E5 /* Release */,
			);
			defaultConfigurationIsVisible = 0;
			defaultConfigurationName = Release;
		};
		6270B73B2562608200C382E5 /* Build configuration list for PBXNativeTarget "driveRecordIOS" */ = {
			isa = XCConfigurationList;
			buildConfigurations = (
				6270B73C2562608200C382E5 /* Debug */,
				6270B73D2562608200C382E5 /* Release */,
			);
			defaultConfigurationIsVisible = 0;
			defaultConfigurationName = Release;
		};
		6270B73E2562608200C382E5 /* Build configuration list for PBXNativeTarget "driveRecordIOSTests" */ = {
			isa = XCConfigurationList;
			buildConfigurations = (
				6270B73F2562608200C382E5 /* Debug */,
				6270B7402562608200C382E5 /* Release */,
			);
			defaultConfigurationIsVisible = 0;
			defaultConfigurationName = Release;
		};
		6270B7412562608200C382E5 /* Build configuration list for PBXNativeTarget "driveRecordIOSUITests" */ = {
			isa = XCConfigurationList;
			buildConfigurations = (
				6270B7422562608200C382E5 /* Debug */,
				6270B7432562608200C382E5 /* Release */,
			);
			defaultConfigurationIsVisible = 0;
			defaultConfigurationName = Release;
		};
/* End XCConfigurationList section */
	};
	rootObject = 6270B7092562607F00C382E5 /* Project object */;
}
